// !$*UTF8*$!
{
	archiveVersion = 1;
	classes = {
	};
	objectVersion = 51;
	objects = {

/* Begin PBXBuildFile section */
		2605A8AF2442B626001CF085 /* LoginView.swift in Sources */ = {isa = PBXBuildFile; fileRef = 2605A8AE2442B626001CF085 /* LoginView.swift */; };
		2605A8B32442BC1D001CF085 /* RegisterController.swift in Sources */ = {isa = PBXBuildFile; fileRef = 2605A8B22442BC1D001CF085 /* RegisterController.swift */; };
		26087D49248DD6E7009B4548 /* EndPointType.swift in Sources */ = {isa = PBXBuildFile; fileRef = 26087D48248DD6E7009B4548 /* EndPointType.swift */; };
		26087D4B248DD74E009B4548 /* HTTPMethod.swift in Sources */ = {isa = PBXBuildFile; fileRef = 26087D4A248DD74E009B4548 /* HTTPMethod.swift */; };
		26087D50248DD7D5009B4548 /* HTTPTask.swift in Sources */ = {isa = PBXBuildFile; fileRef = 26087D4F248DD7D5009B4548 /* HTTPTask.swift */; };
		26087D53248DD8C3009B4548 /* ParameterEncoding.swift in Sources */ = {isa = PBXBuildFile; fileRef = 26087D52248DD8C3009B4548 /* ParameterEncoding.swift */; };
		26087D56248DD9EC009B4548 /* URLParameterEncoder.swift in Sources */ = {isa = PBXBuildFile; fileRef = 26087D55248DD9EC009B4548 /* URLParameterEncoder.swift */; };
		26087D59248DDC20009B4548 /* JSONParameterEncoder.swift in Sources */ = {isa = PBXBuildFile; fileRef = 26087D58248DDC20009B4548 /* JSONParameterEncoder.swift */; };
		26087D5C248DDD79009B4548 /* NetworkRouter.swift in Sources */ = {isa = PBXBuildFile; fileRef = 26087D5B248DDD79009B4548 /* NetworkRouter.swift */; };
		26087D5F248DE308009B4548 /* Router.swift in Sources */ = {isa = PBXBuildFile; fileRef = 26087D5E248DE308009B4548 /* Router.swift */; };
		26087D62248DE8AD009B4548 /* UserEndPoint.swift in Sources */ = {isa = PBXBuildFile; fileRef = 26087D61248DE8AD009B4548 /* UserEndPoint.swift */; };
		26087D68248DF85A009B4548 /* User.swift in Sources */ = {isa = PBXBuildFile; fileRef = 26087D67248DF85A009B4548 /* User.swift */; };
		26087D6B248DFAE2009B4548 /* UserNetworkManager.swift in Sources */ = {isa = PBXBuildFile; fileRef = 26087D6A248DFAE2009B4548 /* UserNetworkManager.swift */; };
		260F2C6024B67DBC00B9585E /* RequestModel.swift in Sources */ = {isa = PBXBuildFile; fileRef = 260F2C5F24B67DBC00B9585E /* RequestModel.swift */; };
		260F2C6224B67E1A00B9585E /* RegisterRequest.swift in Sources */ = {isa = PBXBuildFile; fileRef = 260F2C6124B67E1A00B9585E /* RegisterRequest.swift */; };
		260F2C6424B67E6000B9585E /* RegisterResponse.swift in Sources */ = {isa = PBXBuildFile; fileRef = 260F2C6324B67E6000B9585E /* RegisterResponse.swift */; };
		260F2C6724B6854900B9585E /* RegistrationNetworkHelper.swift in Sources */ = {isa = PBXBuildFile; fileRef = 260F2C6624B6854900B9585E /* RegistrationNetworkHelper.swift */; };
		26119AF3247C5860009FDD79 /* FoodEntryViewModel.swift in Sources */ = {isa = PBXBuildFile; fileRef = 26119AF2247C5860009FDD79 /* FoodEntryViewModel.swift */; };
		261A68A224B3D42400AE199C /* AuthenticationNetworkHelperTests.swift in Sources */ = {isa = PBXBuildFile; fileRef = 261A68A124B3D42400AE199C /* AuthenticationNetworkHelperTests.swift */; };
		261C8BCA2448A9F3009A1B79 /* CreateAccountCell.swift in Sources */ = {isa = PBXBuildFile; fileRef = 261C8BC92448A9F3009A1B79 /* CreateAccountCell.swift */; };
		261C8BD22448CD11009A1B79 /* MeasurementUnitHelperTests.swift in Sources */ = {isa = PBXBuildFile; fileRef = 261C8BD12448CD11009A1B79 /* MeasurementUnitHelperTests.swift */; };
		261E946124C1145F002DE202 /* JWTHeaderGenerator.swift in Sources */ = {isa = PBXBuildFile; fileRef = 261E946024C1145F002DE202 /* JWTHeaderGenerator.swift */; };
		262408C624B6915700B6EB3C /* RegistrationNetworkHelperTests.swift in Sources */ = {isa = PBXBuildFile; fileRef = 262408C524B6915700B6EB3C /* RegistrationNetworkHelperTests.swift */; };
		262408C924B691B800B6EB3C /* UserNetworkManagerMocks.swift in Sources */ = {isa = PBXBuildFile; fileRef = 262408C824B691B800B6EB3C /* UserNetworkManagerMocks.swift */; };
		262408CB24B6964F00B6EB3C /* DiaryControllerMocks.swift in Sources */ = {isa = PBXBuildFile; fileRef = 262408CA24B6964F00B6EB3C /* DiaryControllerMocks.swift */; };
		262408CD24B6969200B6EB3C /* LoginControllerMocks.swift in Sources */ = {isa = PBXBuildFile; fileRef = 262408CC24B6969200B6EB3C /* LoginControllerMocks.swift */; };
		26246B1B24C48A98000963E8 /* FoodEntryEndPoint.swift in Sources */ = {isa = PBXBuildFile; fileRef = 26246B1A24C48A98000963E8 /* FoodEntryEndPoint.swift */; };
		26246B1D24C48F65000963E8 /* FoodEntryNetworkManager.swift in Sources */ = {isa = PBXBuildFile; fileRef = 26246B1C24C48F65000963E8 /* FoodEntryNetworkManager.swift */; };
		26246B1F24C492C7000963E8 /* FoodEntryNetworkHelper.swift in Sources */ = {isa = PBXBuildFile; fileRef = 26246B1E24C492C7000963E8 /* FoodEntryNetworkHelper.swift */; };
		2624E8D924647E4E00AC40EA /* DiaryFoodEntriesDataController.swift in Sources */ = {isa = PBXBuildFile; fileRef = 2624E8D824647E4E00AC40EA /* DiaryFoodEntriesDataController.swift */; };
		2624E8DC24647FAD00AC40EA /* FoodCell.swift in Sources */ = {isa = PBXBuildFile; fileRef = 2624E8DB24647FAD00AC40EA /* FoodCell.swift */; };
		262F665A24623FBA00B24F51 /* MainTabBarController.swift in Sources */ = {isa = PBXBuildFile; fileRef = 262F665924623FBA00B24F51 /* MainTabBarController.swift */; };
		262F665D2462417800B24F51 /* DiaryController.swift in Sources */ = {isa = PBXBuildFile; fileRef = 262F665C2462417800B24F51 /* DiaryController.swift */; };
		262F665F246241A500B24F51 /* TrendsController.swift in Sources */ = {isa = PBXBuildFile; fileRef = 262F665E246241A500B24F51 /* TrendsController.swift */; };
		262F6661246241C500B24F51 /* SettingsController.swift in Sources */ = {isa = PBXBuildFile; fileRef = 262F6660246241C500B24F51 /* SettingsController.swift */; };
		2634C40424B3C92F00A3FCAC /* AuthenticationNetworkHelper.swift in Sources */ = {isa = PBXBuildFile; fileRef = 2634C40324B3C92F00A3FCAC /* AuthenticationNetworkHelper.swift */; };
		2634C40824B3CAFE00A3FCAC /* AuthenticateRequestTests.swift in Sources */ = {isa = PBXBuildFile; fileRef = 2634C40724B3CAFE00A3FCAC /* AuthenticateRequestTests.swift */; };
		2634FFE224BD2C7000670995 /* UserNetworkHelper.swift in Sources */ = {isa = PBXBuildFile; fileRef = 2634FFE124BD2C7000670995 /* UserNetworkHelper.swift */; };
		263B966E2473014000340ED3 /* EditFoodController.swift in Sources */ = {isa = PBXBuildFile; fileRef = 263B966D2473014000340ED3 /* EditFoodController.swift */; };
		263B9671247303A400340ED3 /* BaseFoodDataController.swift in Sources */ = {isa = PBXBuildFile; fileRef = 263B9670247303A400340ED3 /* BaseFoodDataController.swift */; };
		263B96752473048700340ED3 /* ServingSizeSelectorCell.swift in Sources */ = {isa = PBXBuildFile; fileRef = 263B96742473048700340ED3 /* ServingSizeSelectorCell.swift */; };
		263B9678247304E400340ED3 /* ServingAmountCell.swift in Sources */ = {isa = PBXBuildFile; fileRef = 263B9677247304E400340ED3 /* ServingAmountCell.swift */; };
		2640FF8C2443EC870051A2BF /* RegisterDataController.swift in Sources */ = {isa = PBXBuildFile; fileRef = 2640FF8B2443EC870051A2BF /* RegisterDataController.swift */; };
		26475C952442CB2E004A5C71 /* RegisterStatsCell.swift in Sources */ = {isa = PBXBuildFile; fileRef = 26475C942442CB2E004A5C71 /* RegisterStatsCell.swift */; };
		26475C992442D00B004A5C71 /* Constants.swift in Sources */ = {isa = PBXBuildFile; fileRef = 26475C982442D00B004A5C71 /* Constants.swift */; };
		264B211324BE53350008B55F /* DateFormatterHelper.swift in Sources */ = {isa = PBXBuildFile; fileRef = 264B211224BE53350008B55F /* DateFormatterHelper.swift */; };
		264B211524BE60500008B55F /* UserDataManager.swift in Sources */ = {isa = PBXBuildFile; fileRef = 264B211424BE60500008B55F /* UserDataManager.swift */; };
		2651926B247EB71400483915 /* FoodSearchController.swift in Sources */ = {isa = PBXBuildFile; fileRef = 2651926A247EB71400483915 /* FoodSearchController.swift */; };
		2651926E247EC0E700483915 /* ActionOptionsLauncher.swift in Sources */ = {isa = PBXBuildFile; fileRef = 2651926D247EC0E700483915 /* ActionOptionsLauncher.swift */; };
		26519272247EC1B500483915 /* BaseOptionsLauncher.swift in Sources */ = {isa = PBXBuildFile; fileRef = 26519271247EC1B500483915 /* BaseOptionsLauncher.swift */; };
		26519276247EC5D300483915 /* ActionOptionsView.swift in Sources */ = {isa = PBXBuildFile; fileRef = 26519275247EC5D300483915 /* ActionOptionsView.swift */; };
		26519279247EEF1A00483915 /* AddFoodController.swift in Sources */ = {isa = PBXBuildFile; fileRef = 26519278247EEF1A00483915 /* AddFoodController.swift */; };
		2658890B246340F300199012 /* DateBar.swift in Sources */ = {isa = PBXBuildFile; fileRef = 2658890A246340F200199012 /* DateBar.swift */; };
		265889102463678B00199012 /* DateFormatterExtensionsTests.swift in Sources */ = {isa = PBXBuildFile; fileRef = 2658890F2463678B00199012 /* DateFormatterExtensionsTests.swift */; };
		266BB5A224632156009269B2 /* LearnController.swift in Sources */ = {isa = PBXBuildFile; fileRef = 266BB5A124632156009269B2 /* LearnController.swift */; };
		266BB5A624633A37009269B2 /* DailyNutritionView.swift in Sources */ = {isa = PBXBuildFile; fileRef = 266BB5A524633A37009269B2 /* DailyNutritionView.swift */; };
		266BFA0B2443DB0E006E588D /* Extensions.swift in Sources */ = {isa = PBXBuildFile; fileRef = 266BFA0A2443DB0E006E588D /* Extensions.swift */; };
		2679316D247D72DE00413FAD /* DateExtensionsTests.swift in Sources */ = {isa = PBXBuildFile; fileRef = 2679316C247D72DE00413FAD /* DateExtensionsTests.swift */; };
		26793171247D77C800413FAD /* LoginControllerTests.swift in Sources */ = {isa = PBXBuildFile; fileRef = 2679316F247D77C800413FAD /* LoginControllerTests.swift */; };
		26793172247D77C800413FAD /* DiaryControllerTests.swift in Sources */ = {isa = PBXBuildFile; fileRef = 26793170247D77C800413FAD /* DiaryControllerTests.swift */; };
		268A6CA324B14883007113B6 /* GrowingStrongModel.xcdatamodeld in Sources */ = {isa = PBXBuildFile; fileRef = 268A6CA124B14883007113B6 /* GrowingStrongModel.xcdatamodeld */; };
		268A6CA724B2563E007113B6 /* CoreDataManager.swift in Sources */ = {isa = PBXBuildFile; fileRef = 268A6CA624B2563E007113B6 /* CoreDataManager.swift */; };
		268A6CAA24B26C56007113B6 /* FoodEntryDataManager.swift in Sources */ = {isa = PBXBuildFile; fileRef = 268A6CA924B26C56007113B6 /* FoodEntryDataManager.swift */; };
		268A6CAD24B26E33007113B6 /* EntityNames.swift in Sources */ = {isa = PBXBuildFile; fileRef = 268A6CAC24B26E33007113B6 /* EntityNames.swift */; };
		269E3797242D05EB0070B110 /* AppDelegate.swift in Sources */ = {isa = PBXBuildFile; fileRef = 269E3796242D05EB0070B110 /* AppDelegate.swift */; };
		269E3799242D05EB0070B110 /* SceneDelegate.swift in Sources */ = {isa = PBXBuildFile; fileRef = 269E3798242D05EB0070B110 /* SceneDelegate.swift */; };
		269E379B242D05EB0070B110 /* LoginController.swift in Sources */ = {isa = PBXBuildFile; fileRef = 269E379A242D05EB0070B110 /* LoginController.swift */; };
		269E37A0242D05F00070B110 /* Assets.xcassets in Resources */ = {isa = PBXBuildFile; fileRef = 269E379F242D05F00070B110 /* Assets.xcassets */; };
		269E37A3242D05F00070B110 /* LaunchScreen.storyboard in Resources */ = {isa = PBXBuildFile; fileRef = 269E37A1242D05F00070B110 /* LaunchScreen.storyboard */; };
		26A0B06B24B3A226000874EC /* CredentialsFormatChecker.swift in Sources */ = {isa = PBXBuildFile; fileRef = 26A0B06A24B3A226000874EC /* CredentialsFormatChecker.swift */; };
		26A0B06D24B3A49B000874EC /* CredentialsFormatCheckerTests.swift in Sources */ = {isa = PBXBuildFile; fileRef = 26A0B06C24B3A49B000874EC /* CredentialsFormatCheckerTests.swift */; };
		26A58E4124B3C6E4009A3209 /* AuthenticateRequest.swift in Sources */ = {isa = PBXBuildFile; fileRef = 26A58E4024B3C6E4009A3209 /* AuthenticateRequest.swift */; };
		26A8D4C5247530F8000BC5C6 /* ServingSizeExtensionsTests.swift in Sources */ = {isa = PBXBuildFile; fileRef = 26A8D4C4247530F8000BC5C6 /* ServingSizeExtensionsTests.swift */; };
		26B2537E247C6DB9000CE403 /* FoodEntryViewModelTests.swift in Sources */ = {isa = PBXBuildFile; fileRef = 26B2537D247C6DB9000CE403 /* FoodEntryViewModelTests.swift */; };
		26BC18E524B2C76F0027E1B3 /* FoodEntry.swift in Sources */ = {isa = PBXBuildFile; fileRef = 26BC18E424B2C76F0027E1B3 /* FoodEntry.swift */; };
		26BC18E724B2C9CB0027E1B3 /* Food.swift in Sources */ = {isa = PBXBuildFile; fileRef = 26BC18E624B2C9CB0027E1B3 /* Food.swift */; };
		26BC18E924B2CBB00027E1B3 /* Serving.swift in Sources */ = {isa = PBXBuildFile; fileRef = 26BC18E824B2CBB00027E1B3 /* Serving.swift */; };
		26C72D942473099000E86FE8 /* ServingSizeOptionsCell.swift in Sources */ = {isa = PBXBuildFile; fileRef = 26C72D932473099000E86FE8 /* ServingSizeOptionsCell.swift */; };
		26D7487D24C4A7BC007CE6C1 /* FoodEndPoint.swift in Sources */ = {isa = PBXBuildFile; fileRef = 26D7487C24C4A7BC007CE6C1 /* FoodEndPoint.swift */; };
		26D7487F24C4A8CA007CE6C1 /* FoodNetworkManager.swift in Sources */ = {isa = PBXBuildFile; fileRef = 26D7487E24C4A8CA007CE6C1 /* FoodNetworkManager.swift */; };
		26D7488124C4B2BD007CE6C1 /* FoodNetworkHelper.swift in Sources */ = {isa = PBXBuildFile; fileRef = 26D7488024C4B2BD007CE6C1 /* FoodNetworkHelper.swift */; };
		26D7488724C4DD47007CE6C1 /* CreateFoodEntryResponse.swift in Sources */ = {isa = PBXBuildFile; fileRef = 26D7488624C4DD47007CE6C1 /* CreateFoodEntryResponse.swift */; };
		26D7488924C4E434007CE6C1 /* FoodDataManager.swift in Sources */ = {isa = PBXBuildFile; fileRef = 26D7488824C4E434007CE6C1 /* FoodDataManager.swift */; };
		26D7488D24C6097A007CE6C1 /* CurrentDiaryDateTracker.swift in Sources */ = {isa = PBXBuildFile; fileRef = 26D7488C24C6097A007CE6C1 /* CurrentDiaryDateTracker.swift */; };
		26E020AF248EB76000DBBC5C /* AuthenticateResponse.swift in Sources */ = {isa = PBXBuildFile; fileRef = 26E020AE248EB76000DBBC5C /* AuthenticateResponse.swift */; };
		26E020B1248ECD8700DBBC5C /* NetworkResponseHandler.swift in Sources */ = {isa = PBXBuildFile; fileRef = 26E020B0248ECD8700DBBC5C /* NetworkResponseHandler.swift */; };
		26E020B5248EF23300DBBC5C /* URLParameterEncoderTests.swift in Sources */ = {isa = PBXBuildFile; fileRef = 26E020B4248EF23300DBBC5C /* URLParameterEncoderTests.swift */; };
		26E020B7248EF24200DBBC5C /* JSONParameterEncoderTests.swift in Sources */ = {isa = PBXBuildFile; fileRef = 26E020B6248EF24200DBBC5C /* JSONParameterEncoderTests.swift */; };
		26E0B55124639872002D5A07 /* ViewTypealias.swift in Sources */ = {isa = PBXBuildFile; fileRef = 26E0B55024639872002D5A07 /* ViewTypealias.swift */; };
		26E22BB82475238500F466C3 /* ServingOptionsLauncher.swift in Sources */ = {isa = PBXBuildFile; fileRef = 26E22BB72475238500F466C3 /* ServingOptionsLauncher.swift */; };
		26EC645524C105650043BDF8 /* BaseFoodEntriesDataController.swift in Sources */ = {isa = PBXBuildFile; fileRef = 26EC645424C105650043BDF8 /* BaseFoodEntriesDataController.swift */; };
		26EC645724C107A30043BDF8 /* SearchFoodEntriesDataController.swift in Sources */ = {isa = PBXBuildFile; fileRef = 26EC645624C107A30043BDF8 /* SearchFoodEntriesDataController.swift */; };
		26F2E6F2244757A0000294D3 /* RegistrationEnums.swift in Sources */ = {isa = PBXBuildFile; fileRef = 26F2E6F1244757A0000294D3 /* RegistrationEnums.swift */; };
		26F2E6F4244769B9000294D3 /* MeasurementUnitHelper.swift in Sources */ = {isa = PBXBuildFile; fileRef = 26F2E6F3244769B9000294D3 /* MeasurementUnitHelper.swift */; };
		26F7832F2471A9B600B7F0C8 /* BaseFoodController.swift in Sources */ = {isa = PBXBuildFile; fileRef = 26F7832E2471A9B600B7F0C8 /* BaseFoodController.swift */; };
		26F783332471B51300B7F0C8 /* MacroNutrientsView.swift in Sources */ = {isa = PBXBuildFile; fileRef = 26F783322471B51300B7F0C8 /* MacroNutrientsView.swift */; };
		F5848F5233B7B07340E20630 /* Pods_GrowingStrong.framework in Frameworks */ = {isa = PBXBuildFile; fileRef = E8E3540E5C3DAD7E7C1EFE88 /* Pods_GrowingStrong.framework */; };
/* End PBXBuildFile section */

/* Begin PBXContainerItemProxy section */
		261C8BD42448CD11009A1B79 /* PBXContainerItemProxy */ = {
			isa = PBXContainerItemProxy;
			containerPortal = 269E378B242D05EA0070B110 /* Project object */;
			proxyType = 1;
			remoteGlobalIDString = 269E3792242D05EB0070B110;
			remoteInfo = GrowingStrong;
		};
/* End PBXContainerItemProxy section */

/* Begin PBXFileReference section */
		2605A8AE2442B626001CF085 /* LoginView.swift */ = {isa = PBXFileReference; lastKnownFileType = sourcecode.swift; path = LoginView.swift; sourceTree = "<group>"; };
		2605A8B22442BC1D001CF085 /* RegisterController.swift */ = {isa = PBXFileReference; lastKnownFileType = sourcecode.swift; path = RegisterController.swift; sourceTree = "<group>"; };
		26087D48248DD6E7009B4548 /* EndPointType.swift */ = {isa = PBXFileReference; lastKnownFileType = sourcecode.swift; path = EndPointType.swift; sourceTree = "<group>"; };
		26087D4A248DD74E009B4548 /* HTTPMethod.swift */ = {isa = PBXFileReference; lastKnownFileType = sourcecode.swift; path = HTTPMethod.swift; sourceTree = "<group>"; };
		26087D4F248DD7D5009B4548 /* HTTPTask.swift */ = {isa = PBXFileReference; lastKnownFileType = sourcecode.swift; path = HTTPTask.swift; sourceTree = "<group>"; };
		26087D52248DD8C3009B4548 /* ParameterEncoding.swift */ = {isa = PBXFileReference; lastKnownFileType = sourcecode.swift; path = ParameterEncoding.swift; sourceTree = "<group>"; };
		26087D55248DD9EC009B4548 /* URLParameterEncoder.swift */ = {isa = PBXFileReference; lastKnownFileType = sourcecode.swift; path = URLParameterEncoder.swift; sourceTree = "<group>"; };
		26087D58248DDC20009B4548 /* JSONParameterEncoder.swift */ = {isa = PBXFileReference; lastKnownFileType = sourcecode.swift; path = JSONParameterEncoder.swift; sourceTree = "<group>"; };
		26087D5B248DDD79009B4548 /* NetworkRouter.swift */ = {isa = PBXFileReference; lastKnownFileType = sourcecode.swift; path = NetworkRouter.swift; sourceTree = "<group>"; };
		26087D5E248DE308009B4548 /* Router.swift */ = {isa = PBXFileReference; lastKnownFileType = sourcecode.swift; path = Router.swift; sourceTree = "<group>"; };
		26087D61248DE8AD009B4548 /* UserEndPoint.swift */ = {isa = PBXFileReference; lastKnownFileType = sourcecode.swift; path = UserEndPoint.swift; sourceTree = "<group>"; };
		26087D67248DF85A009B4548 /* User.swift */ = {isa = PBXFileReference; lastKnownFileType = sourcecode.swift; path = User.swift; sourceTree = "<group>"; };
		26087D6A248DFAE2009B4548 /* UserNetworkManager.swift */ = {isa = PBXFileReference; lastKnownFileType = sourcecode.swift; path = UserNetworkManager.swift; sourceTree = "<group>"; };
		260F2C5F24B67DBC00B9585E /* RequestModel.swift */ = {isa = PBXFileReference; lastKnownFileType = sourcecode.swift; path = RequestModel.swift; sourceTree = "<group>"; };
		260F2C6124B67E1A00B9585E /* RegisterRequest.swift */ = {isa = PBXFileReference; lastKnownFileType = sourcecode.swift; path = RegisterRequest.swift; sourceTree = "<group>"; };
		260F2C6324B67E6000B9585E /* RegisterResponse.swift */ = {isa = PBXFileReference; lastKnownFileType = sourcecode.swift; path = RegisterResponse.swift; sourceTree = "<group>"; };
		260F2C6624B6854900B9585E /* RegistrationNetworkHelper.swift */ = {isa = PBXFileReference; lastKnownFileType = sourcecode.swift; path = RegistrationNetworkHelper.swift; sourceTree = "<group>"; };
		26119AF2247C5860009FDD79 /* FoodEntryViewModel.swift */ = {isa = PBXFileReference; lastKnownFileType = sourcecode.swift; path = FoodEntryViewModel.swift; sourceTree = "<group>"; };
		261A68A124B3D42400AE199C /* AuthenticationNetworkHelperTests.swift */ = {isa = PBXFileReference; lastKnownFileType = sourcecode.swift; path = AuthenticationNetworkHelperTests.swift; sourceTree = "<group>"; };
		261C8BC92448A9F3009A1B79 /* CreateAccountCell.swift */ = {isa = PBXFileReference; lastKnownFileType = sourcecode.swift; path = CreateAccountCell.swift; sourceTree = "<group>"; };
		261C8BCF2448CD11009A1B79 /* GrowingStrongTests.xctest */ = {isa = PBXFileReference; explicitFileType = wrapper.cfbundle; includeInIndex = 0; path = GrowingStrongTests.xctest; sourceTree = BUILT_PRODUCTS_DIR; };
		261C8BD12448CD11009A1B79 /* MeasurementUnitHelperTests.swift */ = {isa = PBXFileReference; lastKnownFileType = sourcecode.swift; path = MeasurementUnitHelperTests.swift; sourceTree = "<group>"; };
		261C8BD32448CD11009A1B79 /* Info.plist */ = {isa = PBXFileReference; lastKnownFileType = text.plist.xml; path = Info.plist; sourceTree = "<group>"; };
		261E946024C1145F002DE202 /* JWTHeaderGenerator.swift */ = {isa = PBXFileReference; lastKnownFileType = sourcecode.swift; path = JWTHeaderGenerator.swift; sourceTree = "<group>"; };
		262408C524B6915700B6EB3C /* RegistrationNetworkHelperTests.swift */ = {isa = PBXFileReference; lastKnownFileType = sourcecode.swift; path = RegistrationNetworkHelperTests.swift; sourceTree = "<group>"; };
		262408C824B691B800B6EB3C /* UserNetworkManagerMocks.swift */ = {isa = PBXFileReference; lastKnownFileType = sourcecode.swift; path = UserNetworkManagerMocks.swift; sourceTree = "<group>"; };
		262408CA24B6964F00B6EB3C /* DiaryControllerMocks.swift */ = {isa = PBXFileReference; lastKnownFileType = sourcecode.swift; path = DiaryControllerMocks.swift; sourceTree = "<group>"; };
		262408CC24B6969200B6EB3C /* LoginControllerMocks.swift */ = {isa = PBXFileReference; lastKnownFileType = sourcecode.swift; path = LoginControllerMocks.swift; sourceTree = "<group>"; };
		26246B1A24C48A98000963E8 /* FoodEntryEndPoint.swift */ = {isa = PBXFileReference; lastKnownFileType = sourcecode.swift; path = FoodEntryEndPoint.swift; sourceTree = "<group>"; };
		26246B1C24C48F65000963E8 /* FoodEntryNetworkManager.swift */ = {isa = PBXFileReference; lastKnownFileType = sourcecode.swift; path = FoodEntryNetworkManager.swift; sourceTree = "<group>"; };
		26246B1E24C492C7000963E8 /* FoodEntryNetworkHelper.swift */ = {isa = PBXFileReference; lastKnownFileType = sourcecode.swift; path = FoodEntryNetworkHelper.swift; sourceTree = "<group>"; };
		2624E8D824647E4E00AC40EA /* DiaryFoodEntriesDataController.swift */ = {isa = PBXFileReference; lastKnownFileType = sourcecode.swift; path = DiaryFoodEntriesDataController.swift; sourceTree = "<group>"; };
		2624E8DB24647FAD00AC40EA /* FoodCell.swift */ = {isa = PBXFileReference; lastKnownFileType = sourcecode.swift; path = FoodCell.swift; sourceTree = "<group>"; };
		262F665924623FBA00B24F51 /* MainTabBarController.swift */ = {isa = PBXFileReference; lastKnownFileType = sourcecode.swift; path = MainTabBarController.swift; sourceTree = "<group>"; };
		262F665C2462417800B24F51 /* DiaryController.swift */ = {isa = PBXFileReference; lastKnownFileType = sourcecode.swift; path = DiaryController.swift; sourceTree = "<group>"; };
		262F665E246241A500B24F51 /* TrendsController.swift */ = {isa = PBXFileReference; lastKnownFileType = sourcecode.swift; path = TrendsController.swift; sourceTree = "<group>"; };
		262F6660246241C500B24F51 /* SettingsController.swift */ = {isa = PBXFileReference; lastKnownFileType = sourcecode.swift; path = SettingsController.swift; sourceTree = "<group>"; };
		2634C40324B3C92F00A3FCAC /* AuthenticationNetworkHelper.swift */ = {isa = PBXFileReference; lastKnownFileType = sourcecode.swift; path = AuthenticationNetworkHelper.swift; sourceTree = "<group>"; };
		2634C40724B3CAFE00A3FCAC /* AuthenticateRequestTests.swift */ = {isa = PBXFileReference; lastKnownFileType = sourcecode.swift; path = AuthenticateRequestTests.swift; sourceTree = "<group>"; };
		2634FFE124BD2C7000670995 /* UserNetworkHelper.swift */ = {isa = PBXFileReference; lastKnownFileType = sourcecode.swift; path = UserNetworkHelper.swift; sourceTree = "<group>"; };
		263B966D2473014000340ED3 /* EditFoodController.swift */ = {isa = PBXFileReference; lastKnownFileType = sourcecode.swift; path = EditFoodController.swift; sourceTree = "<group>"; };
		263B9670247303A400340ED3 /* BaseFoodDataController.swift */ = {isa = PBXFileReference; lastKnownFileType = sourcecode.swift; path = BaseFoodDataController.swift; sourceTree = "<group>"; };
		263B96742473048700340ED3 /* ServingSizeSelectorCell.swift */ = {isa = PBXFileReference; lastKnownFileType = sourcecode.swift; path = ServingSizeSelectorCell.swift; sourceTree = "<group>"; };
		263B9677247304E400340ED3 /* ServingAmountCell.swift */ = {isa = PBXFileReference; lastKnownFileType = sourcecode.swift; path = ServingAmountCell.swift; sourceTree = "<group>"; };
		2640FF8B2443EC870051A2BF /* RegisterDataController.swift */ = {isa = PBXFileReference; lastKnownFileType = sourcecode.swift; path = RegisterDataController.swift; sourceTree = "<group>"; };
		26475C942442CB2E004A5C71 /* RegisterStatsCell.swift */ = {isa = PBXFileReference; lastKnownFileType = sourcecode.swift; path = RegisterStatsCell.swift; sourceTree = "<group>"; };
		26475C982442D00B004A5C71 /* Constants.swift */ = {isa = PBXFileReference; lastKnownFileType = sourcecode.swift; path = Constants.swift; sourceTree = "<group>"; };
		264B211224BE53350008B55F /* DateFormatterHelper.swift */ = {isa = PBXFileReference; lastKnownFileType = sourcecode.swift; path = DateFormatterHelper.swift; sourceTree = "<group>"; };
		264B211424BE60500008B55F /* UserDataManager.swift */ = {isa = PBXFileReference; lastKnownFileType = sourcecode.swift; path = UserDataManager.swift; sourceTree = "<group>"; };
		2651926A247EB71400483915 /* FoodSearchController.swift */ = {isa = PBXFileReference; lastKnownFileType = sourcecode.swift; path = FoodSearchController.swift; sourceTree = "<group>"; };
		2651926D247EC0E700483915 /* ActionOptionsLauncher.swift */ = {isa = PBXFileReference; lastKnownFileType = sourcecode.swift; path = ActionOptionsLauncher.swift; sourceTree = "<group>"; };
		26519271247EC1B500483915 /* BaseOptionsLauncher.swift */ = {isa = PBXFileReference; lastKnownFileType = sourcecode.swift; path = BaseOptionsLauncher.swift; sourceTree = "<group>"; };
		26519275247EC5D300483915 /* ActionOptionsView.swift */ = {isa = PBXFileReference; lastKnownFileType = sourcecode.swift; path = ActionOptionsView.swift; sourceTree = "<group>"; };
		26519278247EEF1A00483915 /* AddFoodController.swift */ = {isa = PBXFileReference; lastKnownFileType = sourcecode.swift; path = AddFoodController.swift; sourceTree = "<group>"; };
		2658890A246340F200199012 /* DateBar.swift */ = {isa = PBXFileReference; lastKnownFileType = sourcecode.swift; path = DateBar.swift; sourceTree = "<group>"; };
		2658890F2463678B00199012 /* DateFormatterExtensionsTests.swift */ = {isa = PBXFileReference; lastKnownFileType = sourcecode.swift; path = DateFormatterExtensionsTests.swift; sourceTree = "<group>"; };
		266BB5A124632156009269B2 /* LearnController.swift */ = {isa = PBXFileReference; lastKnownFileType = sourcecode.swift; path = LearnController.swift; sourceTree = "<group>"; };
		266BB5A524633A37009269B2 /* DailyNutritionView.swift */ = {isa = PBXFileReference; lastKnownFileType = sourcecode.swift; path = DailyNutritionView.swift; sourceTree = "<group>"; };
		266BFA0A2443DB0E006E588D /* Extensions.swift */ = {isa = PBXFileReference; lastKnownFileType = sourcecode.swift; path = Extensions.swift; sourceTree = "<group>"; };
		2679316C247D72DE00413FAD /* DateExtensionsTests.swift */ = {isa = PBXFileReference; lastKnownFileType = sourcecode.swift; path = DateExtensionsTests.swift; sourceTree = "<group>"; };
		2679316F247D77C800413FAD /* LoginControllerTests.swift */ = {isa = PBXFileReference; fileEncoding = 4; lastKnownFileType = sourcecode.swift; path = LoginControllerTests.swift; sourceTree = "<group>"; };
		26793170247D77C800413FAD /* DiaryControllerTests.swift */ = {isa = PBXFileReference; fileEncoding = 4; lastKnownFileType = sourcecode.swift; path = DiaryControllerTests.swift; sourceTree = "<group>"; };
		268A6CA224B14883007113B6 /* GrowingStrongModel.xcdatamodel */ = {isa = PBXFileReference; lastKnownFileType = wrapper.xcdatamodel; path = GrowingStrongModel.xcdatamodel; sourceTree = "<group>"; };
		268A6CA624B2563E007113B6 /* CoreDataManager.swift */ = {isa = PBXFileReference; lastKnownFileType = sourcecode.swift; path = CoreDataManager.swift; sourceTree = "<group>"; };
		268A6CA924B26C56007113B6 /* FoodEntryDataManager.swift */ = {isa = PBXFileReference; lastKnownFileType = sourcecode.swift; path = FoodEntryDataManager.swift; sourceTree = "<group>"; };
		268A6CAC24B26E33007113B6 /* EntityNames.swift */ = {isa = PBXFileReference; lastKnownFileType = sourcecode.swift; path = EntityNames.swift; sourceTree = "<group>"; };
		269E3793242D05EB0070B110 /* GrowingStrong.app */ = {isa = PBXFileReference; explicitFileType = wrapper.application; includeInIndex = 0; path = GrowingStrong.app; sourceTree = BUILT_PRODUCTS_DIR; };
		269E3796242D05EB0070B110 /* AppDelegate.swift */ = {isa = PBXFileReference; lastKnownFileType = sourcecode.swift; path = AppDelegate.swift; sourceTree = "<group>"; };
		269E3798242D05EB0070B110 /* SceneDelegate.swift */ = {isa = PBXFileReference; lastKnownFileType = sourcecode.swift; path = SceneDelegate.swift; sourceTree = "<group>"; };
		269E379A242D05EB0070B110 /* LoginController.swift */ = {isa = PBXFileReference; lastKnownFileType = sourcecode.swift; path = LoginController.swift; sourceTree = "<group>"; };
		269E379F242D05F00070B110 /* Assets.xcassets */ = {isa = PBXFileReference; lastKnownFileType = folder.assetcatalog; path = Assets.xcassets; sourceTree = "<group>"; };
		269E37A2242D05F00070B110 /* Base */ = {isa = PBXFileReference; lastKnownFileType = file.storyboard; name = Base; path = Base.lproj/LaunchScreen.storyboard; sourceTree = "<group>"; };
		269E37A4242D05F00070B110 /* Info.plist */ = {isa = PBXFileReference; lastKnownFileType = text.plist.xml; path = Info.plist; sourceTree = "<group>"; };
		26A0B06A24B3A226000874EC /* CredentialsFormatChecker.swift */ = {isa = PBXFileReference; lastKnownFileType = sourcecode.swift; path = CredentialsFormatChecker.swift; sourceTree = "<group>"; };
		26A0B06C24B3A49B000874EC /* CredentialsFormatCheckerTests.swift */ = {isa = PBXFileReference; lastKnownFileType = sourcecode.swift; path = CredentialsFormatCheckerTests.swift; sourceTree = "<group>"; };
		26A58E4024B3C6E4009A3209 /* AuthenticateRequest.swift */ = {isa = PBXFileReference; lastKnownFileType = sourcecode.swift; path = AuthenticateRequest.swift; sourceTree = "<group>"; };
		26A8D4C4247530F8000BC5C6 /* ServingSizeExtensionsTests.swift */ = {isa = PBXFileReference; lastKnownFileType = sourcecode.swift; path = ServingSizeExtensionsTests.swift; sourceTree = "<group>"; };
		26B2537D247C6DB9000CE403 /* FoodEntryViewModelTests.swift */ = {isa = PBXFileReference; lastKnownFileType = sourcecode.swift; path = FoodEntryViewModelTests.swift; sourceTree = "<group>"; };
		26BC18E424B2C76F0027E1B3 /* FoodEntry.swift */ = {isa = PBXFileReference; lastKnownFileType = sourcecode.swift; path = FoodEntry.swift; sourceTree = "<group>"; };
		26BC18E624B2C9CB0027E1B3 /* Food.swift */ = {isa = PBXFileReference; lastKnownFileType = sourcecode.swift; path = Food.swift; sourceTree = "<group>"; };
		26BC18E824B2CBB00027E1B3 /* Serving.swift */ = {isa = PBXFileReference; lastKnownFileType = sourcecode.swift; path = Serving.swift; sourceTree = "<group>"; };
		26C72D932473099000E86FE8 /* ServingSizeOptionsCell.swift */ = {isa = PBXFileReference; lastKnownFileType = sourcecode.swift; path = ServingSizeOptionsCell.swift; sourceTree = "<group>"; };
		26D7487C24C4A7BC007CE6C1 /* FoodEndPoint.swift */ = {isa = PBXFileReference; lastKnownFileType = sourcecode.swift; path = FoodEndPoint.swift; sourceTree = "<group>"; };
		26D7487E24C4A8CA007CE6C1 /* FoodNetworkManager.swift */ = {isa = PBXFileReference; lastKnownFileType = sourcecode.swift; path = FoodNetworkManager.swift; sourceTree = "<group>"; };
		26D7488024C4B2BD007CE6C1 /* FoodNetworkHelper.swift */ = {isa = PBXFileReference; lastKnownFileType = sourcecode.swift; path = FoodNetworkHelper.swift; sourceTree = "<group>"; };
		26D7488624C4DD47007CE6C1 /* CreateFoodEntryResponse.swift */ = {isa = PBXFileReference; lastKnownFileType = sourcecode.swift; path = CreateFoodEntryResponse.swift; sourceTree = "<group>"; };
		26D7488824C4E434007CE6C1 /* FoodDataManager.swift */ = {isa = PBXFileReference; lastKnownFileType = sourcecode.swift; path = FoodDataManager.swift; sourceTree = "<group>"; };
		26D7488C24C6097A007CE6C1 /* CurrentDiaryDateTracker.swift */ = {isa = PBXFileReference; lastKnownFileType = sourcecode.swift; path = CurrentDiaryDateTracker.swift; sourceTree = "<group>"; };
		26E020AE248EB76000DBBC5C /* AuthenticateResponse.swift */ = {isa = PBXFileReference; lastKnownFileType = sourcecode.swift; path = AuthenticateResponse.swift; sourceTree = "<group>"; };
		26E020B0248ECD8700DBBC5C /* NetworkResponseHandler.swift */ = {isa = PBXFileReference; lastKnownFileType = sourcecode.swift; path = NetworkResponseHandler.swift; sourceTree = "<group>"; };
		26E020B4248EF23300DBBC5C /* URLParameterEncoderTests.swift */ = {isa = PBXFileReference; lastKnownFileType = sourcecode.swift; path = URLParameterEncoderTests.swift; sourceTree = "<group>"; };
		26E020B6248EF24200DBBC5C /* JSONParameterEncoderTests.swift */ = {isa = PBXFileReference; lastKnownFileType = sourcecode.swift; path = JSONParameterEncoderTests.swift; sourceTree = "<group>"; };
		26E0B55024639872002D5A07 /* ViewTypealias.swift */ = {isa = PBXFileReference; lastKnownFileType = sourcecode.swift; path = ViewTypealias.swift; sourceTree = "<group>"; };
		26E22BB72475238500F466C3 /* ServingOptionsLauncher.swift */ = {isa = PBXFileReference; lastKnownFileType = sourcecode.swift; path = ServingOptionsLauncher.swift; sourceTree = "<group>"; };
		26EC645424C105650043BDF8 /* BaseFoodEntriesDataController.swift */ = {isa = PBXFileReference; lastKnownFileType = sourcecode.swift; path = BaseFoodEntriesDataController.swift; sourceTree = "<group>"; };
		26EC645624C107A30043BDF8 /* SearchFoodEntriesDataController.swift */ = {isa = PBXFileReference; lastKnownFileType = sourcecode.swift; path = SearchFoodEntriesDataController.swift; sourceTree = "<group>"; };
		26F2E6F1244757A0000294D3 /* RegistrationEnums.swift */ = {isa = PBXFileReference; lastKnownFileType = sourcecode.swift; path = RegistrationEnums.swift; sourceTree = "<group>"; };
		26F2E6F3244769B9000294D3 /* MeasurementUnitHelper.swift */ = {isa = PBXFileReference; lastKnownFileType = sourcecode.swift; path = MeasurementUnitHelper.swift; sourceTree = "<group>"; };
		26F7832E2471A9B600B7F0C8 /* BaseFoodController.swift */ = {isa = PBXFileReference; lastKnownFileType = sourcecode.swift; path = BaseFoodController.swift; sourceTree = "<group>"; };
		26F783322471B51300B7F0C8 /* MacroNutrientsView.swift */ = {isa = PBXFileReference; lastKnownFileType = sourcecode.swift; path = MacroNutrientsView.swift; sourceTree = "<group>"; };
		2F859D1E12E99D6BA5CA8186 /* Pods-GrowingStrong.debug.xcconfig */ = {isa = PBXFileReference; includeInIndex = 1; lastKnownFileType = text.xcconfig; name = "Pods-GrowingStrong.debug.xcconfig"; path = "Target Support Files/Pods-GrowingStrong/Pods-GrowingStrong.debug.xcconfig"; sourceTree = "<group>"; };
		C1758F68BD303AB88EA1137D /* Pods-GrowingStrong.release.xcconfig */ = {isa = PBXFileReference; includeInIndex = 1; lastKnownFileType = text.xcconfig; name = "Pods-GrowingStrong.release.xcconfig"; path = "Target Support Files/Pods-GrowingStrong/Pods-GrowingStrong.release.xcconfig"; sourceTree = "<group>"; };
		E8E3540E5C3DAD7E7C1EFE88 /* Pods_GrowingStrong.framework */ = {isa = PBXFileReference; explicitFileType = wrapper.framework; includeInIndex = 0; path = Pods_GrowingStrong.framework; sourceTree = BUILT_PRODUCTS_DIR; };
/* End PBXFileReference section */

/* Begin PBXFrameworksBuildPhase section */
		261C8BCC2448CD11009A1B79 /* Frameworks */ = {
			isa = PBXFrameworksBuildPhase;
			buildActionMask = 2147483647;
			files = (
			);
			runOnlyForDeploymentPostprocessing = 0;
		};
		269E3790242D05EB0070B110 /* Frameworks */ = {
			isa = PBXFrameworksBuildPhase;
			buildActionMask = 2147483647;
			files = (
				F5848F5233B7B07340E20630 /* Pods_GrowingStrong.framework in Frameworks */,
			);
			runOnlyForDeploymentPostprocessing = 0;
		};
/* End PBXFrameworksBuildPhase section */

/* Begin PBXGroup section */
		2605A8A7244293A3001CF085 /* Supporting Files */ = {
			isa = PBXGroup;
			children = (
				269E379F242D05F00070B110 /* Assets.xcassets */,
				269E37A1242D05F00070B110 /* LaunchScreen.storyboard */,
			);
			path = "Supporting Files";
			sourceTree = "<group>";
		};
		2605A8A924429474001CF085 /* Controller */ = {
			isa = PBXGroup;
			children = (
				2640FF8D2443F2830051A2BF /* ViewController */,
				2640FF8A2443EBE40051A2BF /* DataController */,
			);
			path = Controller;
			sourceTree = "<group>";
		};
		2605A8AA24429B4A001CF085 /* View */ = {
			isa = PBXGroup;
			children = (
				26519274247EC5BC00483915 /* ActionOptionsView */,
				263B96732473044E00340ED3 /* BaseFoodViews */,
				266BB5A724633A42009269B2 /* DiaryViews */,
				26475C932442CACF004A5C71 /* RegistrationViews */,
				2605A8AB24429B56001CF085 /* LoginViews */,
			);
			path = View;
			sourceTree = "<group>";
		};
		2605A8AB24429B56001CF085 /* LoginViews */ = {
			isa = PBXGroup;
			children = (
				2605A8AE2442B626001CF085 /* LoginView.swift */,
			);
			path = LoginViews;
			sourceTree = "<group>";
		};
		26087D43248DD69F009B4548 /* Networking */ = {
			isa = PBXGroup;
			children = (
				26087D47248DD6BB009B4548 /* Encoding */,
				26087D46248DD6B7009B4548 /* Service */,
				26087D45248DD6B3009B4548 /* Manager */,
				26087D44248DD6AE009B4548 /* EndPoint */,
			);
			path = Networking;
			sourceTree = "<group>";
		};
		26087D44248DD6AE009B4548 /* EndPoint */ = {
			isa = PBXGroup;
			children = (
				26087D61248DE8AD009B4548 /* UserEndPoint.swift */,
				26246B1A24C48A98000963E8 /* FoodEntryEndPoint.swift */,
				26D7487C24C4A7BC007CE6C1 /* FoodEndPoint.swift */,
			);
			path = EndPoint;
			sourceTree = "<group>";
		};
		26087D45248DD6B3009B4548 /* Manager */ = {
			isa = PBXGroup;
			children = (
				26087D6A248DFAE2009B4548 /* UserNetworkManager.swift */,
				26E020B0248ECD8700DBBC5C /* NetworkResponseHandler.swift */,
				26246B1C24C48F65000963E8 /* FoodEntryNetworkManager.swift */,
				26D7487E24C4A8CA007CE6C1 /* FoodNetworkManager.swift */,
			);
			path = Manager;
			sourceTree = "<group>";
		};
		26087D46248DD6B7009B4548 /* Service */ = {
			isa = PBXGroup;
			children = (
				26087D48248DD6E7009B4548 /* EndPointType.swift */,
				26087D4A248DD74E009B4548 /* HTTPMethod.swift */,
				26087D4F248DD7D5009B4548 /* HTTPTask.swift */,
				26087D5B248DDD79009B4548 /* NetworkRouter.swift */,
				26087D5E248DE308009B4548 /* Router.swift */,
			);
			path = Service;
			sourceTree = "<group>";
		};
		26087D47248DD6BB009B4548 /* Encoding */ = {
			isa = PBXGroup;
			children = (
				26087D52248DD8C3009B4548 /* ParameterEncoding.swift */,
				26087D55248DD9EC009B4548 /* URLParameterEncoder.swift */,
				26087D58248DDC20009B4548 /* JSONParameterEncoder.swift */,
			);
			path = Encoding;
			sourceTree = "<group>";
		};
		260F2C5E24B67D9500B9585E /* Registration */ = {
			isa = PBXGroup;
			children = (
				260F2C6124B67E1A00B9585E /* RegisterRequest.swift */,
				260F2C6324B67E6000B9585E /* RegisterResponse.swift */,
			);
			path = Registration;
			sourceTree = "<group>";
		};
		260F2C6824B6878C00B9585E /* Network */ = {
			isa = PBXGroup;
			children = (
				2634C40324B3C92F00A3FCAC /* AuthenticationNetworkHelper.swift */,
				260F2C6624B6854900B9585E /* RegistrationNetworkHelper.swift */,
				2634FFE124BD2C7000670995 /* UserNetworkHelper.swift */,
				26246B1E24C492C7000963E8 /* FoodEntryNetworkHelper.swift */,
				26D7488024C4B2BD007CE6C1 /* FoodNetworkHelper.swift */,
			);
			path = Network;
			sourceTree = "<group>";
		};
		261C8BD02448CD11009A1B79 /* GrowingStrongTests */ = {
			isa = PBXGroup;
			children = (
				262408C724B691A500B6EB3C /* Mocks */,
				2634C40624B3CAE600A3FCAC /* Models */,
				26E020B2248EF1FA00DBBC5C /* Networking */,
				2679316E247D77C800413FAD /* Controllers */,
				26F783282471A07E00B7F0C8 /* ViewModels */,
				2658890C2463671400199012 /* Extensions */,
				261C8BD92448D2B8009A1B79 /* Helpers */,
				261C8BD32448CD11009A1B79 /* Info.plist */,
			);
			path = GrowingStrongTests;
			sourceTree = "<group>";
		};
		261C8BD92448D2B8009A1B79 /* Helpers */ = {
			isa = PBXGroup;
			children = (
				261C8BD12448CD11009A1B79 /* MeasurementUnitHelperTests.swift */,
				26A0B06C24B3A49B000874EC /* CredentialsFormatCheckerTests.swift */,
				261A68A124B3D42400AE199C /* AuthenticationNetworkHelperTests.swift */,
				262408C524B6915700B6EB3C /* RegistrationNetworkHelperTests.swift */,
			);
			path = Helpers;
			sourceTree = "<group>";
		};
		262408C724B691A500B6EB3C /* Mocks */ = {
			isa = PBXGroup;
			children = (
				262408C824B691B800B6EB3C /* UserNetworkManagerMocks.swift */,
				262408CA24B6964F00B6EB3C /* DiaryControllerMocks.swift */,
				262408CC24B6969200B6EB3C /* LoginControllerMocks.swift */,
			);
			path = Mocks;
			sourceTree = "<group>";
		};
		2634C40624B3CAE600A3FCAC /* Models */ = {
			isa = PBXGroup;
			children = (
				2634C40724B3CAFE00A3FCAC /* AuthenticateRequestTests.swift */,
			);
			path = Models;
			sourceTree = "<group>";
		};
		263B96732473044E00340ED3 /* BaseFoodViews */ = {
			isa = PBXGroup;
			children = (
				26F783322471B51300B7F0C8 /* MacroNutrientsView.swift */,
				263B96742473048700340ED3 /* ServingSizeSelectorCell.swift */,
				263B9677247304E400340ED3 /* ServingAmountCell.swift */,
				26C72D932473099000E86FE8 /* ServingSizeOptionsCell.swift */,
			);
			path = BaseFoodViews;
			sourceTree = "<group>";
		};
		263B967A247305D100340ED3 /* AuthenticationControllers */ = {
			isa = PBXGroup;
			children = (
				269E379A242D05EB0070B110 /* LoginController.swift */,
			);
			path = AuthenticationControllers;
			sourceTree = "<group>";
		};
		263B967B2473062200340ED3 /* TabControllers */ = {
			isa = PBXGroup;
			children = (
				262F665C2462417800B24F51 /* DiaryController.swift */,
				262F665924623FBA00B24F51 /* MainTabBarController.swift */,
				262F665E246241A500B24F51 /* TrendsController.swift */,
				262F6660246241C500B24F51 /* SettingsController.swift */,
				266BB5A124632156009269B2 /* LearnController.swift */,
				2651926D247EC0E700483915 /* ActionOptionsLauncher.swift */,
			);
			path = TabControllers;
			sourceTree = "<group>";
		};
		263B967D2473066900340ED3 /* FoodControllers */ = {
			isa = PBXGroup;
			children = (
				26E22BB72475238500F466C3 /* ServingOptionsLauncher.swift */,
				26F7832E2471A9B600B7F0C8 /* BaseFoodController.swift */,
				263B966D2473014000340ED3 /* EditFoodController.swift */,
				26519278247EEF1A00483915 /* AddFoodController.swift */,
			);
			path = FoodControllers;
			sourceTree = "<group>";
		};
		2640FF8A2443EBE40051A2BF /* DataController */ = {
			isa = PBXGroup;
			children = (
				26EC645824C107EB0043BDF8 /* FoodEntriesDataControllers */,
				2640FF8B2443EC870051A2BF /* RegisterDataController.swift */,
				263B9670247303A400340ED3 /* BaseFoodDataController.swift */,
			);
			path = DataController;
			sourceTree = "<group>";
		};
		2640FF8D2443F2830051A2BF /* ViewController */ = {
			isa = PBXGroup;
			children = (
				267D2AA624B67C390076776A /* RegistrationControllers */,
				26519269247EB6C300483915 /* SearchControllers */,
				263B967D2473066900340ED3 /* FoodControllers */,
				263B967B2473062200340ED3 /* TabControllers */,
				263B967A247305D100340ED3 /* AuthenticationControllers */,
			);
			path = ViewController;
			sourceTree = "<group>";
		};
		26475C932442CACF004A5C71 /* RegistrationViews */ = {
			isa = PBXGroup;
			children = (
				26475C942442CB2E004A5C71 /* RegisterStatsCell.swift */,
				261C8BC92448A9F3009A1B79 /* CreateAccountCell.swift */,
			);
			path = RegistrationViews;
			sourceTree = "<group>";
		};
		26475C972442CFF2004A5C71 /* Helpers */ = {
			isa = PBXGroup;
			children = (
				260F2C6824B6878C00B9585E /* Network */,
				26A0B06A24B3A226000874EC /* CredentialsFormatChecker.swift */,
				26F2E6F1244757A0000294D3 /* RegistrationEnums.swift */,
				26475C982442D00B004A5C71 /* Constants.swift */,
				266BFA0A2443DB0E006E588D /* Extensions.swift */,
				26F2E6F3244769B9000294D3 /* MeasurementUnitHelper.swift */,
				26E0B55024639872002D5A07 /* ViewTypealias.swift */,
				26519271247EC1B500483915 /* BaseOptionsLauncher.swift */,
				264B211224BE53350008B55F /* DateFormatterHelper.swift */,
				261E946024C1145F002DE202 /* JWTHeaderGenerator.swift */,
				26D7488C24C6097A007CE6C1 /* CurrentDiaryDateTracker.swift */,
			);
			path = Helpers;
			sourceTree = "<group>";
		};
		26519269247EB6C300483915 /* SearchControllers */ = {
			isa = PBXGroup;
			children = (
				2651926A247EB71400483915 /* FoodSearchController.swift */,
			);
			path = SearchControllers;
			sourceTree = "<group>";
		};
		26519274247EC5BC00483915 /* ActionOptionsView */ = {
			isa = PBXGroup;
			children = (
				26519275247EC5D300483915 /* ActionOptionsView.swift */,
			);
			path = ActionOptionsView;
			sourceTree = "<group>";
		};
		2658890C2463671400199012 /* Extensions */ = {
			isa = PBXGroup;
			children = (
				2658890F2463678B00199012 /* DateFormatterExtensionsTests.swift */,
				26A8D4C4247530F8000BC5C6 /* ServingSizeExtensionsTests.swift */,
				2679316C247D72DE00413FAD /* DateExtensionsTests.swift */,
			);
			path = Extensions;
			sourceTree = "<group>";
		};
		265E2A37247197F400DBD91E /* ViewModel */ = {
			isa = PBXGroup;
			children = (
				26119AF2247C5860009FDD79 /* FoodEntryViewModel.swift */,
			);
			path = ViewModel;
			sourceTree = "<group>";
		};
		265E2A382471980D00DBD91E /* Model */ = {
			isa = PBXGroup;
			children = (
				260F2C5E24B67D9500B9585E /* Registration */,
				26A58E4424B3C72D009A3209 /* Authentication */,
				26A58E4324B3C71E009A3209 /* CoreDataModel */,
				26A58E4224B3C6FE009A3209 /* Entities */,
				260F2C5F24B67DBC00B9585E /* RequestModel.swift */,
				26D7488624C4DD47007CE6C1 /* CreateFoodEntryResponse.swift */,
			);
			path = Model;
			sourceTree = "<group>";
		};
		266BB5A724633A42009269B2 /* DiaryViews */ = {
			isa = PBXGroup;
			children = (
				266BB5A524633A37009269B2 /* DailyNutritionView.swift */,
				2658890A246340F200199012 /* DateBar.swift */,
				2624E8DB24647FAD00AC40EA /* FoodCell.swift */,
			);
			path = DiaryViews;
			sourceTree = "<group>";
		};
		2679316E247D77C800413FAD /* Controllers */ = {
			isa = PBXGroup;
			children = (
				2679316F247D77C800413FAD /* LoginControllerTests.swift */,
				26793170247D77C800413FAD /* DiaryControllerTests.swift */,
			);
			name = Controllers;
			path = GrowingStrongTests/Controllers;
			sourceTree = SOURCE_ROOT;
		};
		267D2AA624B67C390076776A /* RegistrationControllers */ = {
			isa = PBXGroup;
			children = (
				2605A8B22442BC1D001CF085 /* RegisterController.swift */,
			);
			path = RegistrationControllers;
			sourceTree = "<group>";
		};
		268A6CA524B14E5B007113B6 /* CoreData */ = {
			isa = PBXGroup;
			children = (
				268A6CA624B2563E007113B6 /* CoreDataManager.swift */,
				268A6CA924B26C56007113B6 /* FoodEntryDataManager.swift */,
				268A6CAC24B26E33007113B6 /* EntityNames.swift */,
				264B211424BE60500008B55F /* UserDataManager.swift */,
				26D7488824C4E434007CE6C1 /* FoodDataManager.swift */,
			);
			path = CoreData;
			sourceTree = "<group>";
		};
		269E378A242D05EA0070B110 = {
			isa = PBXGroup;
			children = (
				269E3795242D05EB0070B110 /* GrowingStrong */,
				261C8BD02448CD11009A1B79 /* GrowingStrongTests */,
				269E3794242D05EB0070B110 /* Products */,
				31E3C1A2F4B79E4A7AFA625F /* Pods */,
				F4D0277EC36A5245BB885EAF /* Frameworks */,
			);
			sourceTree = "<group>";
		};
		269E3794242D05EB0070B110 /* Products */ = {
			isa = PBXGroup;
			children = (
				269E3793242D05EB0070B110 /* GrowingStrong.app */,
				261C8BCF2448CD11009A1B79 /* GrowingStrongTests.xctest */,
			);
			name = Products;
			sourceTree = "<group>";
		};
		269E3795242D05EB0070B110 /* GrowingStrong */ = {
			isa = PBXGroup;
			children = (
				268A6CA524B14E5B007113B6 /* CoreData */,
				26087D43248DD69F009B4548 /* Networking */,
				265E2A382471980D00DBD91E /* Model */,
				265E2A37247197F400DBD91E /* ViewModel */,
				26475C972442CFF2004A5C71 /* Helpers */,
				2605A8AA24429B4A001CF085 /* View */,
				2605A8A924429474001CF085 /* Controller */,
				2605A8A7244293A3001CF085 /* Supporting Files */,
				269E3796242D05EB0070B110 /* AppDelegate.swift */,
				269E3798242D05EB0070B110 /* SceneDelegate.swift */,
				269E37A4242D05F00070B110 /* Info.plist */,
			);
			path = GrowingStrong;
			sourceTree = "<group>";
		};
		26A58E4224B3C6FE009A3209 /* Entities */ = {
			isa = PBXGroup;
			children = (
				26087D67248DF85A009B4548 /* User.swift */,
				26BC18E424B2C76F0027E1B3 /* FoodEntry.swift */,
				26BC18E624B2C9CB0027E1B3 /* Food.swift */,
				26BC18E824B2CBB00027E1B3 /* Serving.swift */,
			);
			path = Entities;
			sourceTree = "<group>";
		};
		26A58E4324B3C71E009A3209 /* CoreDataModel */ = {
			isa = PBXGroup;
			children = (
				268A6CA124B14883007113B6 /* GrowingStrongModel.xcdatamodeld */,
			);
			path = CoreDataModel;
			sourceTree = "<group>";
		};
		26A58E4424B3C72D009A3209 /* Authentication */ = {
			isa = PBXGroup;
			children = (
				26A58E4024B3C6E4009A3209 /* AuthenticateRequest.swift */,
				26E020AE248EB76000DBBC5C /* AuthenticateResponse.swift */,
			);
			path = Authentication;
			sourceTree = "<group>";
		};
		26E020B2248EF1FA00DBBC5C /* Networking */ = {
			isa = PBXGroup;
			children = (
				26E020B3248EF22200DBBC5C /* Encoding */,
			);
			path = Networking;
			sourceTree = "<group>";
		};
		26E020B3248EF22200DBBC5C /* Encoding */ = {
			isa = PBXGroup;
			children = (
				26E020B4248EF23300DBBC5C /* URLParameterEncoderTests.swift */,
				26E020B6248EF24200DBBC5C /* JSONParameterEncoderTests.swift */,
			);
			path = Encoding;
			sourceTree = "<group>";
		};
		26EC645824C107EB0043BDF8 /* FoodEntriesDataControllers */ = {
			isa = PBXGroup;
			children = (
				2624E8D824647E4E00AC40EA /* DiaryFoodEntriesDataController.swift */,
				26EC645424C105650043BDF8 /* BaseFoodEntriesDataController.swift */,
				26EC645624C107A30043BDF8 /* SearchFoodEntriesDataController.swift */,
			);
			path = FoodEntriesDataControllers;
			sourceTree = "<group>";
		};
		26F783282471A07E00B7F0C8 /* ViewModels */ = {
			isa = PBXGroup;
			children = (
				26B2537D247C6DB9000CE403 /* FoodEntryViewModelTests.swift */,
			);
			path = ViewModels;
			sourceTree = "<group>";
		};
		31E3C1A2F4B79E4A7AFA625F /* Pods */ = {
			isa = PBXGroup;
			children = (
				2F859D1E12E99D6BA5CA8186 /* Pods-GrowingStrong.debug.xcconfig */,
				C1758F68BD303AB88EA1137D /* Pods-GrowingStrong.release.xcconfig */,
			);
			path = Pods;
			sourceTree = "<group>";
		};
		F4D0277EC36A5245BB885EAF /* Frameworks */ = {
			isa = PBXGroup;
			children = (
				E8E3540E5C3DAD7E7C1EFE88 /* Pods_GrowingStrong.framework */,
			);
			name = Frameworks;
			sourceTree = "<group>";
		};
/* End PBXGroup section */

/* Begin PBXNativeTarget section */
		261C8BCE2448CD11009A1B79 /* GrowingStrongTests */ = {
			isa = PBXNativeTarget;
			buildConfigurationList = 261C8BD62448CD11009A1B79 /* Build configuration list for PBXNativeTarget "GrowingStrongTests" */;
			buildPhases = (
				261C8BCB2448CD11009A1B79 /* Sources */,
				261C8BCC2448CD11009A1B79 /* Frameworks */,
				261C8BCD2448CD11009A1B79 /* Resources */,
			);
			buildRules = (
			);
			dependencies = (
				261C8BD52448CD11009A1B79 /* PBXTargetDependency */,
			);
			name = GrowingStrongTests;
			productName = GrowingStrongTests;
			productReference = 261C8BCF2448CD11009A1B79 /* GrowingStrongTests.xctest */;
			productType = "com.apple.product-type.bundle.unit-test";
		};
		269E3792242D05EB0070B110 /* GrowingStrong */ = {
			isa = PBXNativeTarget;
			buildConfigurationList = 269E37A7242D05F00070B110 /* Build configuration list for PBXNativeTarget "GrowingStrong" */;
			buildPhases = (
				80EB8EED0840666A30F4A1CA /* [CP] Check Pods Manifest.lock */,
				269E378F242D05EB0070B110 /* Sources */,
				269E3790242D05EB0070B110 /* Frameworks */,
				269E3791242D05EB0070B110 /* Resources */,
				634BF23687EC246F351D2E9B /* [CP] Embed Pods Frameworks */,
			);
			buildRules = (
			);
			dependencies = (
			);
			name = GrowingStrong;
			productName = GrowingStrong;
			productReference = 269E3793242D05EB0070B110 /* GrowingStrong.app */;
			productType = "com.apple.product-type.application";
		};
/* End PBXNativeTarget section */

/* Begin PBXProject section */
		269E378B242D05EA0070B110 /* Project object */ = {
			isa = PBXProject;
			attributes = {
				LastSwiftUpdateCheck = 1140;
				LastUpgradeCheck = 1130;
				ORGANIZATIONNAME = "Eugene Lu";
				TargetAttributes = {
					261C8BCE2448CD11009A1B79 = {
						CreatedOnToolsVersion = 11.4.1;
						TestTargetID = 269E3792242D05EB0070B110;
					};
					269E3792242D05EB0070B110 = {
						CreatedOnToolsVersion = 11.3.1;
					};
				};
			};
			buildConfigurationList = 269E378E242D05EA0070B110 /* Build configuration list for PBXProject "GrowingStrong" */;
			compatibilityVersion = "Xcode 9.3";
			developmentRegion = en;
			hasScannedForEncodings = 0;
			knownRegions = (
				en,
				Base,
			);
			mainGroup = 269E378A242D05EA0070B110;
			productRefGroup = 269E3794242D05EB0070B110 /* Products */;
			projectDirPath = "";
			projectRoot = "";
			targets = (
				269E3792242D05EB0070B110 /* GrowingStrong */,
				261C8BCE2448CD11009A1B79 /* GrowingStrongTests */,
			);
		};
/* End PBXProject section */

/* Begin PBXResourcesBuildPhase section */
		261C8BCD2448CD11009A1B79 /* Resources */ = {
			isa = PBXResourcesBuildPhase;
			buildActionMask = 2147483647;
			files = (
			);
			runOnlyForDeploymentPostprocessing = 0;
		};
		269E3791242D05EB0070B110 /* Resources */ = {
			isa = PBXResourcesBuildPhase;
			buildActionMask = 2147483647;
			files = (
				269E37A3242D05F00070B110 /* LaunchScreen.storyboard in Resources */,
				269E37A0242D05F00070B110 /* Assets.xcassets in Resources */,
			);
			runOnlyForDeploymentPostprocessing = 0;
		};
/* End PBXResourcesBuildPhase section */

/* Begin PBXShellScriptBuildPhase section */
		634BF23687EC246F351D2E9B /* [CP] Embed Pods Frameworks */ = {
			isa = PBXShellScriptBuildPhase;
			buildActionMask = 2147483647;
			files = (
			);
			inputFileListPaths = (
				"${PODS_ROOT}/Target Support Files/Pods-GrowingStrong/Pods-GrowingStrong-frameworks-${CONFIGURATION}-input-files.xcfilelist",
			);
			name = "[CP] Embed Pods Frameworks";
			outputFileListPaths = (
				"${PODS_ROOT}/Target Support Files/Pods-GrowingStrong/Pods-GrowingStrong-frameworks-${CONFIGURATION}-output-files.xcfilelist",
			);
			runOnlyForDeploymentPostprocessing = 0;
			shellPath = /bin/sh;
			shellScript = "\"${PODS_ROOT}/Target Support Files/Pods-GrowingStrong/Pods-GrowingStrong-frameworks.sh\"\n";
			showEnvVarsInLog = 0;
		};
		80EB8EED0840666A30F4A1CA /* [CP] Check Pods Manifest.lock */ = {
			isa = PBXShellScriptBuildPhase;
			buildActionMask = 2147483647;
			files = (
			);
			inputFileListPaths = (
			);
			inputPaths = (
				"${PODS_PODFILE_DIR_PATH}/Podfile.lock",
				"${PODS_ROOT}/Manifest.lock",
			);
			name = "[CP] Check Pods Manifest.lock";
			outputFileListPaths = (
			);
			outputPaths = (
				"$(DERIVED_FILE_DIR)/Pods-GrowingStrong-checkManifestLockResult.txt",
			);
			runOnlyForDeploymentPostprocessing = 0;
			shellPath = /bin/sh;
			shellScript = "diff \"${PODS_PODFILE_DIR_PATH}/Podfile.lock\" \"${PODS_ROOT}/Manifest.lock\" > /dev/null\nif [ $? != 0 ] ; then\n    # print error to STDERR\n    echo \"error: The sandbox is not in sync with the Podfile.lock. Run 'pod install' or update your CocoaPods installation.\" >&2\n    exit 1\nfi\n# This output is used by Xcode 'outputs' to avoid re-running this script phase.\necho \"SUCCESS\" > \"${SCRIPT_OUTPUT_FILE_0}\"\n";
			showEnvVarsInLog = 0;
		};
/* End PBXShellScriptBuildPhase section */

/* Begin PBXSourcesBuildPhase section */
		261C8BCB2448CD11009A1B79 /* Sources */ = {
			isa = PBXSourcesBuildPhase;
			buildActionMask = 2147483647;
			files = (
				2679316D247D72DE00413FAD /* DateExtensionsTests.swift in Sources */,
				2634C40824B3CAFE00A3FCAC /* AuthenticateRequestTests.swift in Sources */,
				26793172247D77C800413FAD /* DiaryControllerTests.swift in Sources */,
				262408C924B691B800B6EB3C /* UserNetworkManagerMocks.swift in Sources */,
				26E020B5248EF23300DBBC5C /* URLParameterEncoderTests.swift in Sources */,
				261C8BD22448CD11009A1B79 /* MeasurementUnitHelperTests.swift in Sources */,
				261A68A224B3D42400AE199C /* AuthenticationNetworkHelperTests.swift in Sources */,
				26E020B7248EF24200DBBC5C /* JSONParameterEncoderTests.swift in Sources */,
				262408C624B6915700B6EB3C /* RegistrationNetworkHelperTests.swift in Sources */,
				26A8D4C5247530F8000BC5C6 /* ServingSizeExtensionsTests.swift in Sources */,
				265889102463678B00199012 /* DateFormatterExtensionsTests.swift in Sources */,
				26B2537E247C6DB9000CE403 /* FoodEntryViewModelTests.swift in Sources */,
				262408CB24B6964F00B6EB3C /* DiaryControllerMocks.swift in Sources */,
				26A0B06D24B3A49B000874EC /* CredentialsFormatCheckerTests.swift in Sources */,
				26793171247D77C800413FAD /* LoginControllerTests.swift in Sources */,
				262408CD24B6969200B6EB3C /* LoginControllerMocks.swift in Sources */,
			);
			runOnlyForDeploymentPostprocessing = 0;
		};
		269E378F242D05EB0070B110 /* Sources */ = {
			isa = PBXSourcesBuildPhase;
			buildActionMask = 2147483647;
			files = (
				262F6661246241C500B24F51 /* SettingsController.swift in Sources */,
				26087D4B248DD74E009B4548 /* HTTPMethod.swift in Sources */,
				262F665F246241A500B24F51 /* TrendsController.swift in Sources */,
				2640FF8C2443EC870051A2BF /* RegisterDataController.swift in Sources */,
				26D7488124C4B2BD007CE6C1 /* FoodNetworkHelper.swift in Sources */,
				263B9671247303A400340ED3 /* BaseFoodDataController.swift in Sources */,
				26E22BB82475238500F466C3 /* ServingOptionsLauncher.swift in Sources */,
				26D7488924C4E434007CE6C1 /* FoodDataManager.swift in Sources */,
				26C72D942473099000E86FE8 /* ServingSizeOptionsCell.swift in Sources */,
				26087D56248DD9EC009B4548 /* URLParameterEncoder.swift in Sources */,
				26519279247EEF1A00483915 /* AddFoodController.swift in Sources */,
				261C8BCA2448A9F3009A1B79 /* CreateAccountCell.swift in Sources */,
				268A6CAD24B26E33007113B6 /* EntityNames.swift in Sources */,
				26087D49248DD6E7009B4548 /* EndPointType.swift in Sources */,
				26246B1D24C48F65000963E8 /* FoodEntryNetworkManager.swift in Sources */,
				26E020B1248ECD8700DBBC5C /* NetworkResponseHandler.swift in Sources */,
				262F665A24623FBA00B24F51 /* MainTabBarController.swift in Sources */,
				260F2C6724B6854900B9585E /* RegistrationNetworkHelper.swift in Sources */,
				26BC18E924B2CBB00027E1B3 /* Serving.swift in Sources */,
				2651926E247EC0E700483915 /* ActionOptionsLauncher.swift in Sources */,
				263B9678247304E400340ED3 /* ServingAmountCell.swift in Sources */,
				26087D62248DE8AD009B4548 /* UserEndPoint.swift in Sources */,
				260F2C6424B67E6000B9585E /* RegisterResponse.swift in Sources */,
				26A0B06B24B3A226000874EC /* CredentialsFormatChecker.swift in Sources */,
				26246B1B24C48A98000963E8 /* FoodEntryEndPoint.swift in Sources */,
				26475C952442CB2E004A5C71 /* RegisterStatsCell.swift in Sources */,
				26D7487F24C4A8CA007CE6C1 /* FoodNetworkManager.swift in Sources */,
				268A6CAA24B26C56007113B6 /* FoodEntryDataManager.swift in Sources */,
				2624E8DC24647FAD00AC40EA /* FoodCell.swift in Sources */,
				261E946124C1145F002DE202 /* JWTHeaderGenerator.swift in Sources */,
				26A58E4124B3C6E4009A3209 /* AuthenticateRequest.swift in Sources */,
				26519276247EC5D300483915 /* ActionOptionsView.swift in Sources */,
				269E379B242D05EB0070B110 /* LoginController.swift in Sources */,
				2634FFE224BD2C7000670995 /* UserNetworkHelper.swift in Sources */,
				26BC18E724B2C9CB0027E1B3 /* Food.swift in Sources */,
				26F783332471B51300B7F0C8 /* MacroNutrientsView.swift in Sources */,
				263B96752473048700340ED3 /* ServingSizeSelectorCell.swift in Sources */,
				264B211324BE53350008B55F /* DateFormatterHelper.swift in Sources */,
				26246B1F24C492C7000963E8 /* FoodEntryNetworkHelper.swift in Sources */,
				2651926B247EB71400483915 /* FoodSearchController.swift in Sources */,
				2658890B246340F300199012 /* DateBar.swift in Sources */,
				2624E8D924647E4E00AC40EA /* DiaryFoodEntriesDataController.swift in Sources */,
				266BB5A224632156009269B2 /* LearnController.swift in Sources */,
				26119AF3247C5860009FDD79 /* FoodEntryViewModel.swift in Sources */,
				26087D6B248DFAE2009B4548 /* UserNetworkManager.swift in Sources */,
				264B211524BE60500008B55F /* UserDataManager.swift in Sources */,
				2605A8B32442BC1D001CF085 /* RegisterController.swift in Sources */,
				26519272247EC1B500483915 /* BaseOptionsLauncher.swift in Sources */,
				26F7832F2471A9B600B7F0C8 /* BaseFoodController.swift in Sources */,
				26087D5C248DDD79009B4548 /* NetworkRouter.swift in Sources */,
				26D7488724C4DD47007CE6C1 /* CreateFoodEntryResponse.swift in Sources */,
				26BC18E524B2C76F0027E1B3 /* FoodEntry.swift in Sources */,
				260F2C6024B67DBC00B9585E /* RequestModel.swift in Sources */,
				269E3797242D05EB0070B110 /* AppDelegate.swift in Sources */,
				260F2C6224B67E1A00B9585E /* RegisterRequest.swift in Sources */,
				2634C40424B3C92F00A3FCAC /* AuthenticationNetworkHelper.swift in Sources */,
				26EC645524C105650043BDF8 /* BaseFoodEntriesDataController.swift in Sources */,
				266BFA0B2443DB0E006E588D /* Extensions.swift in Sources */,
				26D7487D24C4A7BC007CE6C1 /* FoodEndPoint.swift in Sources */,
				26E0B55124639872002D5A07 /* ViewTypealias.swift in Sources */,
				26F2E6F4244769B9000294D3 /* MeasurementUnitHelper.swift in Sources */,
				26087D50248DD7D5009B4548 /* HTTPTask.swift in Sources */,
				263B966E2473014000340ED3 /* EditFoodController.swift in Sources */,
				26EC645724C107A30043BDF8 /* SearchFoodEntriesDataController.swift in Sources */,
				268A6CA324B14883007113B6 /* GrowingStrongModel.xcdatamodeld in Sources */,
				268A6CA724B2563E007113B6 /* CoreDataManager.swift in Sources */,
				26087D68248DF85A009B4548 /* User.swift in Sources */,
				2605A8AF2442B626001CF085 /* LoginView.swift in Sources */,
				26087D5F248DE308009B4548 /* Router.swift in Sources */,
				26087D53248DD8C3009B4548 /* ParameterEncoding.swift in Sources */,
				26E020AF248EB76000DBBC5C /* AuthenticateResponse.swift in Sources */,
				26475C992442D00B004A5C71 /* Constants.swift in Sources */,
				26D7488D24C6097A007CE6C1 /* CurrentDiaryDateTracker.swift in Sources */,
				266BB5A624633A37009269B2 /* DailyNutritionView.swift in Sources */,
				26087D59248DDC20009B4548 /* JSONParameterEncoder.swift in Sources */,
				262F665D2462417800B24F51 /* DiaryController.swift in Sources */,
				26F2E6F2244757A0000294D3 /* RegistrationEnums.swift in Sources */,
				269E3799242D05EB0070B110 /* SceneDelegate.swift in Sources */,
			);
			runOnlyForDeploymentPostprocessing = 0;
		};
/* End PBXSourcesBuildPhase section */

/* Begin PBXTargetDependency section */
		261C8BD52448CD11009A1B79 /* PBXTargetDependency */ = {
			isa = PBXTargetDependency;
			target = 269E3792242D05EB0070B110 /* GrowingStrong */;
			targetProxy = 261C8BD42448CD11009A1B79 /* PBXContainerItemProxy */;
		};
/* End PBXTargetDependency section */

/* Begin PBXVariantGroup section */
		269E37A1242D05F00070B110 /* LaunchScreen.storyboard */ = {
			isa = PBXVariantGroup;
			children = (
				269E37A2242D05F00070B110 /* Base */,
			);
			name = LaunchScreen.storyboard;
			sourceTree = "<group>";
		};
/* End PBXVariantGroup section */

/* Begin XCBuildConfiguration section */
		261C8BD72448CD11009A1B79 /* Debug */ = {
			isa = XCBuildConfiguration;
			buildSettings = {
				BUNDLE_LOADER = "$(TEST_HOST)";
				CODE_SIGN_STYLE = Automatic;
				DEVELOPMENT_TEAM = 93UMNM76FC;
				INFOPLIST_FILE = GrowingStrongTests/Info.plist;
				IPHONEOS_DEPLOYMENT_TARGET = 13.4;
				LD_RUNPATH_SEARCH_PATHS = (
					"$(inherited)",
					"@executable_path/Frameworks",
					"@loader_path/Frameworks",
				);
				PRODUCT_BUNDLE_IDENTIFIER = com.eugenelu.GrowingStrongTests;
				PRODUCT_NAME = "$(TARGET_NAME)";
				SWIFT_VERSION = 5.0;
				TARGETED_DEVICE_FAMILY = "1,2";
				TEST_HOST = "$(BUILT_PRODUCTS_DIR)/GrowingStrong.app/GrowingStrong";
			};
			name = Debug;
		};
		261C8BD82448CD11009A1B79 /* Release */ = {
			isa = XCBuildConfiguration;
			buildSettings = {
				BUNDLE_LOADER = "$(TEST_HOST)";
				CODE_SIGN_STYLE = Automatic;
				DEVELOPMENT_TEAM = 93UMNM76FC;
				INFOPLIST_FILE = GrowingStrongTests/Info.plist;
				IPHONEOS_DEPLOYMENT_TARGET = 13.4;
				LD_RUNPATH_SEARCH_PATHS = (
					"$(inherited)",
					"@executable_path/Frameworks",
					"@loader_path/Frameworks",
				);
				PRODUCT_BUNDLE_IDENTIFIER = com.eugenelu.GrowingStrongTests;
				PRODUCT_NAME = "$(TARGET_NAME)";
				SWIFT_VERSION = 5.0;
				TARGETED_DEVICE_FAMILY = "1,2";
				TEST_HOST = "$(BUILT_PRODUCTS_DIR)/GrowingStrong.app/GrowingStrong";
			};
			name = Release;
		};
		269E37A5242D05F00070B110 /* Debug */ = {
			isa = XCBuildConfiguration;
			buildSettings = {
				ALWAYS_SEARCH_USER_PATHS = NO;
				CLANG_ANALYZER_NONNULL = YES;
				CLANG_ANALYZER_NUMBER_OBJECT_CONVERSION = YES_AGGRESSIVE;
				CLANG_CXX_LANGUAGE_STANDARD = "gnu++14";
				CLANG_CXX_LIBRARY = "libc++";
				CLANG_ENABLE_MODULES = YES;
				CLANG_ENABLE_OBJC_ARC = YES;
				CLANG_ENABLE_OBJC_WEAK = YES;
				CLANG_WARN_BLOCK_CAPTURE_AUTORELEASING = YES;
				CLANG_WARN_BOOL_CONVERSION = YES;
				CLANG_WARN_COMMA = YES;
				CLANG_WARN_CONSTANT_CONVERSION = YES;
				CLANG_WARN_DEPRECATED_OBJC_IMPLEMENTATIONS = YES;
				CLANG_WARN_DIRECT_OBJC_ISA_USAGE = YES_ERROR;
				CLANG_WARN_DOCUMENTATION_COMMENTS = YES;
				CLANG_WARN_EMPTY_BODY = YES;
				CLANG_WARN_ENUM_CONVERSION = YES;
				CLANG_WARN_INFINITE_RECURSION = YES;
				CLANG_WARN_INT_CONVERSION = YES;
				CLANG_WARN_NON_LITERAL_NULL_CONVERSION = YES;
				CLANG_WARN_OBJC_IMPLICIT_RETAIN_SELF = YES;
				CLANG_WARN_OBJC_LITERAL_CONVERSION = YES;
				CLANG_WARN_OBJC_ROOT_CLASS = YES_ERROR;
				CLANG_WARN_RANGE_LOOP_ANALYSIS = YES;
				CLANG_WARN_STRICT_PROTOTYPES = YES;
				CLANG_WARN_SUSPICIOUS_MOVE = YES;
				CLANG_WARN_UNGUARDED_AVAILABILITY = YES_AGGRESSIVE;
				CLANG_WARN_UNREACHABLE_CODE = YES;
				CLANG_WARN__DUPLICATE_METHOD_MATCH = YES;
				COPY_PHASE_STRIP = NO;
				DEBUG_INFORMATION_FORMAT = dwarf;
				ENABLE_STRICT_OBJC_MSGSEND = YES;
				ENABLE_TESTABILITY = YES;
				GCC_C_LANGUAGE_STANDARD = gnu11;
				GCC_DYNAMIC_NO_PIC = NO;
				GCC_NO_COMMON_BLOCKS = YES;
				GCC_OPTIMIZATION_LEVEL = 0;
				GCC_PREPROCESSOR_DEFINITIONS = (
					"DEBUG=1",
					"$(inherited)",
				);
				GCC_WARN_64_TO_32_BIT_CONVERSION = YES;
				GCC_WARN_ABOUT_RETURN_TYPE = YES_ERROR;
				GCC_WARN_UNDECLARED_SELECTOR = YES;
				GCC_WARN_UNINITIALIZED_AUTOS = YES_AGGRESSIVE;
				GCC_WARN_UNUSED_FUNCTION = YES;
				GCC_WARN_UNUSED_VARIABLE = YES;
				IPHONEOS_DEPLOYMENT_TARGET = 13.2;
				MTL_ENABLE_DEBUG_INFO = INCLUDE_SOURCE;
				MTL_FAST_MATH = YES;
				ONLY_ACTIVE_ARCH = YES;
				SDKROOT = iphoneos;
				SWIFT_ACTIVE_COMPILATION_CONDITIONS = DEBUG;
				SWIFT_OPTIMIZATION_LEVEL = "-Onone";
			};
			name = Debug;
		};
		269E37A6242D05F00070B110 /* Release */ = {
			isa = XCBuildConfiguration;
			buildSettings = {
				ALWAYS_SEARCH_USER_PATHS = NO;
				CLANG_ANALYZER_NONNULL = YES;
				CLANG_ANALYZER_NUMBER_OBJECT_CONVERSION = YES_AGGRESSIVE;
				CLANG_CXX_LANGUAGE_STANDARD = "gnu++14";
				CLANG_CXX_LIBRARY = "libc++";
				CLANG_ENABLE_MODULES = YES;
				CLANG_ENABLE_OBJC_ARC = YES;
				CLANG_ENABLE_OBJC_WEAK = YES;
				CLANG_WARN_BLOCK_CAPTURE_AUTORELEASING = YES;
				CLANG_WARN_BOOL_CONVERSION = YES;
				CLANG_WARN_COMMA = YES;
				CLANG_WARN_CONSTANT_CONVERSION = YES;
				CLANG_WARN_DEPRECATED_OBJC_IMPLEMENTATIONS = YES;
				CLANG_WARN_DIRECT_OBJC_ISA_USAGE = YES_ERROR;
				CLANG_WARN_DOCUMENTATION_COMMENTS = YES;
				CLANG_WARN_EMPTY_BODY = YES;
				CLANG_WARN_ENUM_CONVERSION = YES;
				CLANG_WARN_INFINITE_RECURSION = YES;
				CLANG_WARN_INT_CONVERSION = YES;
				CLANG_WARN_NON_LITERAL_NULL_CONVERSION = YES;
				CLANG_WARN_OBJC_IMPLICIT_RETAIN_SELF = YES;
				CLANG_WARN_OBJC_LITERAL_CONVERSION = YES;
				CLANG_WARN_OBJC_ROOT_CLASS = YES_ERROR;
				CLANG_WARN_RANGE_LOOP_ANALYSIS = YES;
				CLANG_WARN_STRICT_PROTOTYPES = YES;
				CLANG_WARN_SUSPICIOUS_MOVE = YES;
				CLANG_WARN_UNGUARDED_AVAILABILITY = YES_AGGRESSIVE;
				CLANG_WARN_UNREACHABLE_CODE = YES;
				CLANG_WARN__DUPLICATE_METHOD_MATCH = YES;
				COPY_PHASE_STRIP = NO;
				DEBUG_INFORMATION_FORMAT = "dwarf-with-dsym";
				ENABLE_NS_ASSERTIONS = NO;
				ENABLE_STRICT_OBJC_MSGSEND = YES;
				GCC_C_LANGUAGE_STANDARD = gnu11;
				GCC_NO_COMMON_BLOCKS = YES;
				GCC_WARN_64_TO_32_BIT_CONVERSION = YES;
				GCC_WARN_ABOUT_RETURN_TYPE = YES_ERROR;
				GCC_WARN_UNDECLARED_SELECTOR = YES;
				GCC_WARN_UNINITIALIZED_AUTOS = YES_AGGRESSIVE;
				GCC_WARN_UNUSED_FUNCTION = YES;
				GCC_WARN_UNUSED_VARIABLE = YES;
				IPHONEOS_DEPLOYMENT_TARGET = 13.2;
				MTL_ENABLE_DEBUG_INFO = NO;
				MTL_FAST_MATH = YES;
				SDKROOT = iphoneos;
				SWIFT_COMPILATION_MODE = wholemodule;
				SWIFT_OPTIMIZATION_LEVEL = "-O";
				VALIDATE_PRODUCT = YES;
			};
			name = Release;
		};
		269E37A8242D05F00070B110 /* Debug */ = {
			isa = XCBuildConfiguration;
			baseConfigurationReference = 2F859D1E12E99D6BA5CA8186 /* Pods-GrowingStrong.debug.xcconfig */;
			buildSettings = {
				ASSETCATALOG_COMPILER_APPICON_NAME = AppIcon;
				CODE_SIGN_STYLE = Automatic;
				DEVELOPMENT_TEAM = 93UMNM76FC;
				INFOPLIST_FILE = GrowingStrong/Info.plist;
				LD_RUNPATH_SEARCH_PATHS = (
					"$(inherited)",
					"@executable_path/Frameworks",
				);
				PRODUCT_BUNDLE_IDENTIFIER = com.eugenelu.GrowingStrong;
				PRODUCT_NAME = "$(TARGET_NAME)";
				SWIFT_VERSION = 5.0;
				TARGETED_DEVICE_FAMILY = 1;
			};
			name = Debug;
		};
		269E37A9242D05F00070B110 /* Release */ = {
			isa = XCBuildConfiguration;
			baseConfigurationReference = C1758F68BD303AB88EA1137D /* Pods-GrowingStrong.release.xcconfig */;
			buildSettings = {
				ASSETCATALOG_COMPILER_APPICON_NAME = AppIcon;
				CODE_SIGN_STYLE = Automatic;
				DEVELOPMENT_TEAM = 93UMNM76FC;
				INFOPLIST_FILE = GrowingStrong/Info.plist;
				LD_RUNPATH_SEARCH_PATHS = (
					"$(inherited)",
					"@executable_path/Frameworks",
				);
				PRODUCT_BUNDLE_IDENTIFIER = com.eugenelu.GrowingStrong;
				PRODUCT_NAME = "$(TARGET_NAME)";
				SWIFT_VERSION = 5.0;
				TARGETED_DEVICE_FAMILY = 1;
			};
			name = Release;
		};
/* End XCBuildConfiguration section */

/* Begin XCConfigurationList section */
		261C8BD62448CD11009A1B79 /* Build configuration list for PBXNativeTarget "GrowingStrongTests" */ = {
			isa = XCConfigurationList;
			buildConfigurations = (
				261C8BD72448CD11009A1B79 /* Debug */,
				261C8BD82448CD11009A1B79 /* Release */,
			);
			defaultConfigurationIsVisible = 0;
			defaultConfigurationName = Release;
		};
		269E378E242D05EA0070B110 /* Build configuration list for PBXProject "GrowingStrong" */ = {
			isa = XCConfigurationList;
			buildConfigurations = (
				269E37A5242D05F00070B110 /* Debug */,
				269E37A6242D05F00070B110 /* Release */,
			);
			defaultConfigurationIsVisible = 0;
			defaultConfigurationName = Release;
		};
		269E37A7242D05F00070B110 /* Build configuration list for PBXNativeTarget "GrowingStrong" */ = {
			isa = XCConfigurationList;
			buildConfigurations = (
				269E37A8242D05F00070B110 /* Debug */,
				269E37A9242D05F00070B110 /* Release */,
			);
			defaultConfigurationIsVisible = 0;
			defaultConfigurationName = Release;
		};
/* End XCConfigurationList section */

/* Begin XCVersionGroup section */
		268A6CA124B14883007113B6 /* GrowingStrongModel.xcdatamodeld */ = {
			isa = XCVersionGroup;
			children = (
				268A6CA224B14883007113B6 /* GrowingStrongModel.xcdatamodel */,
			);
			currentVersion = 268A6CA224B14883007113B6 /* GrowingStrongModel.xcdatamodel */;
			path = GrowingStrongModel.xcdatamodeld;
			sourceTree = "<group>";
			versionGroupType = wrapper.xcdatamodel;
		};
/* End XCVersionGroup section */
	};
	rootObject = 269E378B242D05EA0070B110 /* Project object */;
}
