// !$*UTF8*$!
{
	archiveVersion = 1;
	classes = {
	};
	objectVersion = 50;
	objects = {

/* Begin PBXBuildFile section */
		2605A8AF2442B626001CF085 /* LoginView.swift in Sources */ = {isa = PBXBuildFile; fileRef = 2605A8AE2442B626001CF085 /* LoginView.swift */; };
		2605A8B32442BC1D001CF085 /* RegisterController.swift in Sources */ = {isa = PBXBuildFile; fileRef = 2605A8B22442BC1D001CF085 /* RegisterController.swift */; };
		26119AF0247C5718009FDD79 /* FoodEntry.swift in Sources */ = {isa = PBXBuildFile; fileRef = 26119AEF247C5718009FDD79 /* FoodEntry.swift */; };
		26119AF1247C5718009FDD79 /* FoodEntry.swift in Sources */ = {isa = PBXBuildFile; fileRef = 26119AEF247C5718009FDD79 /* FoodEntry.swift */; };
		26119AF3247C5860009FDD79 /* FoodEntryViewModel.swift in Sources */ = {isa = PBXBuildFile; fileRef = 26119AF2247C5860009FDD79 /* FoodEntryViewModel.swift */; };
		26119AF4247C5860009FDD79 /* FoodEntryViewModel.swift in Sources */ = {isa = PBXBuildFile; fileRef = 26119AF2247C5860009FDD79 /* FoodEntryViewModel.swift */; };
		26119AF6247C61A3009FDD79 /* Serving.swift in Sources */ = {isa = PBXBuildFile; fileRef = 26119AF5247C61A3009FDD79 /* Serving.swift */; };
		26119AF7247C61A3009FDD79 /* Serving.swift in Sources */ = {isa = PBXBuildFile; fileRef = 26119AF5247C61A3009FDD79 /* Serving.swift */; };
		261C8BCA2448A9F3009A1B79 /* CreateAccountCell.swift in Sources */ = {isa = PBXBuildFile; fileRef = 261C8BC92448A9F3009A1B79 /* CreateAccountCell.swift */; };
		261C8BD22448CD11009A1B79 /* MeasurementUnitHelperTests.swift in Sources */ = {isa = PBXBuildFile; fileRef = 261C8BD12448CD11009A1B79 /* MeasurementUnitHelperTests.swift */; };
		2624E8D72464640E00AC40EA /* DiaryControllerTests.swift in Sources */ = {isa = PBXBuildFile; fileRef = 2624E8D62464640E00AC40EA /* DiaryControllerTests.swift */; };
		2624E8D924647E4E00AC40EA /* DiaryDataController.swift in Sources */ = {isa = PBXBuildFile; fileRef = 2624E8D824647E4E00AC40EA /* DiaryDataController.swift */; };
		2624E8DA24647E4E00AC40EA /* DiaryDataController.swift in Sources */ = {isa = PBXBuildFile; fileRef = 2624E8D824647E4E00AC40EA /* DiaryDataController.swift */; };
		2624E8DC24647FAD00AC40EA /* FoodCell.swift in Sources */ = {isa = PBXBuildFile; fileRef = 2624E8DB24647FAD00AC40EA /* FoodCell.swift */; };
		2624E8DD24647FAD00AC40EA /* FoodCell.swift in Sources */ = {isa = PBXBuildFile; fileRef = 2624E8DB24647FAD00AC40EA /* FoodCell.swift */; };
		262F665A24623FBA00B24F51 /* MainTabBarController.swift in Sources */ = {isa = PBXBuildFile; fileRef = 262F665924623FBA00B24F51 /* MainTabBarController.swift */; };
		262F665D2462417800B24F51 /* DiaryController.swift in Sources */ = {isa = PBXBuildFile; fileRef = 262F665C2462417800B24F51 /* DiaryController.swift */; };
		262F665F246241A500B24F51 /* TrendsController.swift in Sources */ = {isa = PBXBuildFile; fileRef = 262F665E246241A500B24F51 /* TrendsController.swift */; };
		262F6661246241C500B24F51 /* SettingsController.swift in Sources */ = {isa = PBXBuildFile; fileRef = 262F6660246241C500B24F51 /* SettingsController.swift */; };
		263B966E2473014000340ED3 /* EditFoodController.swift in Sources */ = {isa = PBXBuildFile; fileRef = 263B966D2473014000340ED3 /* EditFoodController.swift */; };
		263B966F2473014000340ED3 /* EditFoodController.swift in Sources */ = {isa = PBXBuildFile; fileRef = 263B966D2473014000340ED3 /* EditFoodController.swift */; };
		263B9671247303A400340ED3 /* BaseFoodDataController.swift in Sources */ = {isa = PBXBuildFile; fileRef = 263B9670247303A400340ED3 /* BaseFoodDataController.swift */; };
		263B9672247303A400340ED3 /* BaseFoodDataController.swift in Sources */ = {isa = PBXBuildFile; fileRef = 263B9670247303A400340ED3 /* BaseFoodDataController.swift */; };
		263B96752473048700340ED3 /* ServingSizeSelectorCell.swift in Sources */ = {isa = PBXBuildFile; fileRef = 263B96742473048700340ED3 /* ServingSizeSelectorCell.swift */; };
		263B96762473048700340ED3 /* ServingSizeSelectorCell.swift in Sources */ = {isa = PBXBuildFile; fileRef = 263B96742473048700340ED3 /* ServingSizeSelectorCell.swift */; };
		263B9678247304E400340ED3 /* ServingAmountCell.swift in Sources */ = {isa = PBXBuildFile; fileRef = 263B9677247304E400340ED3 /* ServingAmountCell.swift */; };
		263B9679247304E400340ED3 /* ServingAmountCell.swift in Sources */ = {isa = PBXBuildFile; fileRef = 263B9677247304E400340ED3 /* ServingAmountCell.swift */; };
		2640FF8C2443EC870051A2BF /* RegisterDataController.swift in Sources */ = {isa = PBXBuildFile; fileRef = 2640FF8B2443EC870051A2BF /* RegisterDataController.swift */; };
		26475C952442CB2E004A5C71 /* RegisterStatsCell.swift in Sources */ = {isa = PBXBuildFile; fileRef = 26475C942442CB2E004A5C71 /* RegisterStatsCell.swift */; };
		26475C992442D00B004A5C71 /* Constants.swift in Sources */ = {isa = PBXBuildFile; fileRef = 26475C982442D00B004A5C71 /* Constants.swift */; };
		2649640B2474752400773638 /* ServingSizeOptionsCell.swift in Sources */ = {isa = PBXBuildFile; fileRef = 26C72D932473099000E86FE8 /* ServingSizeOptionsCell.swift */; };
		2658890B246340F300199012 /* DateBar.swift in Sources */ = {isa = PBXBuildFile; fileRef = 2658890A246340F200199012 /* DateBar.swift */; };
		265889102463678B00199012 /* DateFormatterExtensionsTests.swift in Sources */ = {isa = PBXBuildFile; fileRef = 2658890F2463678B00199012 /* DateFormatterExtensionsTests.swift */; };
		266BB5A224632156009269B2 /* LearnController.swift in Sources */ = {isa = PBXBuildFile; fileRef = 266BB5A124632156009269B2 /* LearnController.swift */; };
		266BB5A4246328F3009269B2 /* ActionController.swift in Sources */ = {isa = PBXBuildFile; fileRef = 266BB5A3246328F3009269B2 /* ActionController.swift */; };
		266BB5A624633A37009269B2 /* DailyNutritionView.swift in Sources */ = {isa = PBXBuildFile; fileRef = 266BB5A524633A37009269B2 /* DailyNutritionView.swift */; };
		266BFA0B2443DB0E006E588D /* Extensions.swift in Sources */ = {isa = PBXBuildFile; fileRef = 266BFA0A2443DB0E006E588D /* Extensions.swift */; };
		268FDFEE246396D600406420 /* LoginControllerTests.swift in Sources */ = {isa = PBXBuildFile; fileRef = 268FDFED246396D600406420 /* LoginControllerTests.swift */; };
		268FDFEF246396F800406420 /* LoginView.swift in Sources */ = {isa = PBXBuildFile; fileRef = 2605A8AE2442B626001CF085 /* LoginView.swift */; };
		268FDFF02463977900406420 /* LoginController.swift in Sources */ = {isa = PBXBuildFile; fileRef = 269E379A242D05EB0070B110 /* LoginController.swift */; };
		269E3797242D05EB0070B110 /* AppDelegate.swift in Sources */ = {isa = PBXBuildFile; fileRef = 269E3796242D05EB0070B110 /* AppDelegate.swift */; };
		269E3799242D05EB0070B110 /* SceneDelegate.swift in Sources */ = {isa = PBXBuildFile; fileRef = 269E3798242D05EB0070B110 /* SceneDelegate.swift */; };
		269E379B242D05EB0070B110 /* LoginController.swift in Sources */ = {isa = PBXBuildFile; fileRef = 269E379A242D05EB0070B110 /* LoginController.swift */; };
		269E37A0242D05F00070B110 /* Assets.xcassets in Resources */ = {isa = PBXBuildFile; fileRef = 269E379F242D05F00070B110 /* Assets.xcassets */; };
		269E37A3242D05F00070B110 /* LaunchScreen.storyboard in Resources */ = {isa = PBXBuildFile; fileRef = 269E37A1242D05F00070B110 /* LaunchScreen.storyboard */; };
		26A8D4C5247530F8000BC5C6 /* ServingSizeExtensionsTests.swift in Sources */ = {isa = PBXBuildFile; fileRef = 26A8D4C4247530F8000BC5C6 /* ServingSizeExtensionsTests.swift */; };
		26B2537E247C6DB9000CE403 /* FoodEntryViewModelTests.swift in Sources */ = {isa = PBXBuildFile; fileRef = 26B2537D247C6DB9000CE403 /* FoodEntryViewModelTests.swift */; };
		26C72D942473099000E86FE8 /* ServingSizeOptionsCell.swift in Sources */ = {isa = PBXBuildFile; fileRef = 26C72D932473099000E86FE8 /* ServingSizeOptionsCell.swift */; };
		26E0B55124639872002D5A07 /* Typealias.swift in Sources */ = {isa = PBXBuildFile; fileRef = 26E0B55024639872002D5A07 /* Typealias.swift */; };
		26E0B55224639885002D5A07 /* Typealias.swift in Sources */ = {isa = PBXBuildFile; fileRef = 26E0B55024639872002D5A07 /* Typealias.swift */; };
		26E0B55324639B8D002D5A07 /* Constants.swift in Sources */ = {isa = PBXBuildFile; fileRef = 26475C982442D00B004A5C71 /* Constants.swift */; };
		26E0B55524639DC4002D5A07 /* RegisterController.swift in Sources */ = {isa = PBXBuildFile; fileRef = 2605A8B22442BC1D001CF085 /* RegisterController.swift */; };
		26E0B55624639DDC002D5A07 /* RegisterDataController.swift in Sources */ = {isa = PBXBuildFile; fileRef = 2640FF8B2443EC870051A2BF /* RegisterDataController.swift */; };
		26E0B55724639E15002D5A07 /* MeasurementUnitHelper.swift in Sources */ = {isa = PBXBuildFile; fileRef = 26F2E6F3244769B9000294D3 /* MeasurementUnitHelper.swift */; };
		26E0B55824639E1C002D5A07 /* Enums.swift in Sources */ = {isa = PBXBuildFile; fileRef = 26F2E6F1244757A0000294D3 /* Enums.swift */; };
		26E0B55924639E23002D5A07 /* DateBar.swift in Sources */ = {isa = PBXBuildFile; fileRef = 2658890A246340F200199012 /* DateBar.swift */; };
		26E0B55A24639E25002D5A07 /* DailyNutritionView.swift in Sources */ = {isa = PBXBuildFile; fileRef = 266BB5A524633A37009269B2 /* DailyNutritionView.swift */; };
		26E0B55B24639E28002D5A07 /* RegisterStatsCell.swift in Sources */ = {isa = PBXBuildFile; fileRef = 26475C942442CB2E004A5C71 /* RegisterStatsCell.swift */; };
		26E0B55C24639E2B002D5A07 /* CreateAccountCell.swift in Sources */ = {isa = PBXBuildFile; fileRef = 261C8BC92448A9F3009A1B79 /* CreateAccountCell.swift */; };
		26E0B55D24639E31002D5A07 /* MainTabBarController.swift in Sources */ = {isa = PBXBuildFile; fileRef = 262F665924623FBA00B24F51 /* MainTabBarController.swift */; };
		26E0B55E24639E34002D5A07 /* DiaryController.swift in Sources */ = {isa = PBXBuildFile; fileRef = 262F665C2462417800B24F51 /* DiaryController.swift */; };
		26E0B55F24639E36002D5A07 /* TrendsController.swift in Sources */ = {isa = PBXBuildFile; fileRef = 262F665E246241A500B24F51 /* TrendsController.swift */; };
		26E0B56024639E38002D5A07 /* SettingsController.swift in Sources */ = {isa = PBXBuildFile; fileRef = 262F6660246241C500B24F51 /* SettingsController.swift */; };
		26E0B56124639E3A002D5A07 /* LearnController.swift in Sources */ = {isa = PBXBuildFile; fileRef = 266BB5A124632156009269B2 /* LearnController.swift */; };
		26E0B56224639E3D002D5A07 /* ActionController.swift in Sources */ = {isa = PBXBuildFile; fileRef = 266BB5A3246328F3009269B2 /* ActionController.swift */; };
		26E22BB82475238500F466C3 /* ServingSizeOptionsLauncher.swift in Sources */ = {isa = PBXBuildFile; fileRef = 26E22BB72475238500F466C3 /* ServingSizeOptionsLauncher.swift */; };
		26E22BB9247524B500F466C3 /* ServingSizeOptionsLauncher.swift in Sources */ = {isa = PBXBuildFile; fileRef = 26E22BB72475238500F466C3 /* ServingSizeOptionsLauncher.swift */; };
		26E31A4324636D7D00C6EE1D /* Extensions.swift in Sources */ = {isa = PBXBuildFile; fileRef = 266BFA0A2443DB0E006E588D /* Extensions.swift */; };
		26F2E6F2244757A0000294D3 /* Enums.swift in Sources */ = {isa = PBXBuildFile; fileRef = 26F2E6F1244757A0000294D3 /* Enums.swift */; };
		26F2E6F4244769B9000294D3 /* MeasurementUnitHelper.swift in Sources */ = {isa = PBXBuildFile; fileRef = 26F2E6F3244769B9000294D3 /* MeasurementUnitHelper.swift */; };
		26F783232471984900B7F0C8 /* Food.swift in Sources */ = {isa = PBXBuildFile; fileRef = 26F783222471984900B7F0C8 /* Food.swift */; };
		26F783242471984900B7F0C8 /* Food.swift in Sources */ = {isa = PBXBuildFile; fileRef = 26F783222471984900B7F0C8 /* Food.swift */; };
		26F783262471996F00B7F0C8 /* FoodViewModel.swift in Sources */ = {isa = PBXBuildFile; fileRef = 26F783252471996F00B7F0C8 /* FoodViewModel.swift */; };
		26F783272471996F00B7F0C8 /* FoodViewModel.swift in Sources */ = {isa = PBXBuildFile; fileRef = 26F783252471996F00B7F0C8 /* FoodViewModel.swift */; };
		26F7832A2471A09800B7F0C8 /* FoodViewModelTests.swift in Sources */ = {isa = PBXBuildFile; fileRef = 26F783292471A09800B7F0C8 /* FoodViewModelTests.swift */; };
		26F7832F2471A9B600B7F0C8 /* BaseFoodController.swift in Sources */ = {isa = PBXBuildFile; fileRef = 26F7832E2471A9B600B7F0C8 /* BaseFoodController.swift */; };
		26F783302471A9B600B7F0C8 /* BaseFoodController.swift in Sources */ = {isa = PBXBuildFile; fileRef = 26F7832E2471A9B600B7F0C8 /* BaseFoodController.swift */; };
		26F783332471B51300B7F0C8 /* MacroNutrientsView.swift in Sources */ = {isa = PBXBuildFile; fileRef = 26F783322471B51300B7F0C8 /* MacroNutrientsView.swift */; };
		26F783342471B51300B7F0C8 /* MacroNutrientsView.swift in Sources */ = {isa = PBXBuildFile; fileRef = 26F783322471B51300B7F0C8 /* MacroNutrientsView.swift */; };
		26F96AF72474692A00199476 /* ServingSize.swift in Sources */ = {isa = PBXBuildFile; fileRef = 26F96AF62474692A00199476 /* ServingSize.swift */; };
		26F96AFA2474749000199476 /* ServingSize.swift in Sources */ = {isa = PBXBuildFile; fileRef = 26F96AF62474692A00199476 /* ServingSize.swift */; };
/* End PBXBuildFile section */

/* Begin PBXContainerItemProxy section */
		261C8BD42448CD11009A1B79 /* PBXContainerItemProxy */ = {
			isa = PBXContainerItemProxy;
			containerPortal = 269E378B242D05EA0070B110 /* Project object */;
			proxyType = 1;
			remoteGlobalIDString = 269E3792242D05EB0070B110;
			remoteInfo = GrowingStrong;
		};
/* End PBXContainerItemProxy section */

/* Begin PBXFileReference section */
		2605A8AE2442B626001CF085 /* LoginView.swift */ = {isa = PBXFileReference; lastKnownFileType = sourcecode.swift; path = LoginView.swift; sourceTree = "<group>"; };
		2605A8B22442BC1D001CF085 /* RegisterController.swift */ = {isa = PBXFileReference; lastKnownFileType = sourcecode.swift; path = RegisterController.swift; sourceTree = "<group>"; };
		26119AEF247C5718009FDD79 /* FoodEntry.swift */ = {isa = PBXFileReference; lastKnownFileType = sourcecode.swift; path = FoodEntry.swift; sourceTree = "<group>"; };
		26119AF2247C5860009FDD79 /* FoodEntryViewModel.swift */ = {isa = PBXFileReference; lastKnownFileType = sourcecode.swift; path = FoodEntryViewModel.swift; sourceTree = "<group>"; };
		26119AF5247C61A3009FDD79 /* Serving.swift */ = {isa = PBXFileReference; lastKnownFileType = sourcecode.swift; path = Serving.swift; sourceTree = "<group>"; };
		261C8BC92448A9F3009A1B79 /* CreateAccountCell.swift */ = {isa = PBXFileReference; lastKnownFileType = sourcecode.swift; path = CreateAccountCell.swift; sourceTree = "<group>"; };
		261C8BCF2448CD11009A1B79 /* GrowingStrongTests.xctest */ = {isa = PBXFileReference; explicitFileType = wrapper.cfbundle; includeInIndex = 0; path = GrowingStrongTests.xctest; sourceTree = BUILT_PRODUCTS_DIR; };
		261C8BD12448CD11009A1B79 /* MeasurementUnitHelperTests.swift */ = {isa = PBXFileReference; lastKnownFileType = sourcecode.swift; path = MeasurementUnitHelperTests.swift; sourceTree = "<group>"; };
		261C8BD32448CD11009A1B79 /* Info.plist */ = {isa = PBXFileReference; lastKnownFileType = text.plist.xml; path = Info.plist; sourceTree = "<group>"; };
		2624E8D62464640E00AC40EA /* DiaryControllerTests.swift */ = {isa = PBXFileReference; lastKnownFileType = sourcecode.swift; path = DiaryControllerTests.swift; sourceTree = "<group>"; };
		2624E8D824647E4E00AC40EA /* DiaryDataController.swift */ = {isa = PBXFileReference; lastKnownFileType = sourcecode.swift; path = DiaryDataController.swift; sourceTree = "<group>"; };
		2624E8DB24647FAD00AC40EA /* FoodCell.swift */ = {isa = PBXFileReference; lastKnownFileType = sourcecode.swift; path = FoodCell.swift; sourceTree = "<group>"; };
		262F665924623FBA00B24F51 /* MainTabBarController.swift */ = {isa = PBXFileReference; lastKnownFileType = sourcecode.swift; path = MainTabBarController.swift; sourceTree = "<group>"; };
		262F665C2462417800B24F51 /* DiaryController.swift */ = {isa = PBXFileReference; lastKnownFileType = sourcecode.swift; path = DiaryController.swift; sourceTree = "<group>"; };
		262F665E246241A500B24F51 /* TrendsController.swift */ = {isa = PBXFileReference; lastKnownFileType = sourcecode.swift; path = TrendsController.swift; sourceTree = "<group>"; };
		262F6660246241C500B24F51 /* SettingsController.swift */ = {isa = PBXFileReference; lastKnownFileType = sourcecode.swift; path = SettingsController.swift; sourceTree = "<group>"; };
		263B966D2473014000340ED3 /* EditFoodController.swift */ = {isa = PBXFileReference; lastKnownFileType = sourcecode.swift; path = EditFoodController.swift; sourceTree = "<group>"; };
		263B9670247303A400340ED3 /* BaseFoodDataController.swift */ = {isa = PBXFileReference; lastKnownFileType = sourcecode.swift; path = BaseFoodDataController.swift; sourceTree = "<group>"; };
		263B96742473048700340ED3 /* ServingSizeSelectorCell.swift */ = {isa = PBXFileReference; lastKnownFileType = sourcecode.swift; path = ServingSizeSelectorCell.swift; sourceTree = "<group>"; };
		263B9677247304E400340ED3 /* ServingAmountCell.swift */ = {isa = PBXFileReference; lastKnownFileType = sourcecode.swift; path = ServingAmountCell.swift; sourceTree = "<group>"; };
		2640FF8B2443EC870051A2BF /* RegisterDataController.swift */ = {isa = PBXFileReference; lastKnownFileType = sourcecode.swift; path = RegisterDataController.swift; sourceTree = "<group>"; };
		26475C942442CB2E004A5C71 /* RegisterStatsCell.swift */ = {isa = PBXFileReference; lastKnownFileType = sourcecode.swift; path = RegisterStatsCell.swift; sourceTree = "<group>"; };
		26475C982442D00B004A5C71 /* Constants.swift */ = {isa = PBXFileReference; lastKnownFileType = sourcecode.swift; path = Constants.swift; sourceTree = "<group>"; };
		2658890A246340F200199012 /* DateBar.swift */ = {isa = PBXFileReference; lastKnownFileType = sourcecode.swift; path = DateBar.swift; sourceTree = "<group>"; };
		2658890F2463678B00199012 /* DateFormatterExtensionsTests.swift */ = {isa = PBXFileReference; lastKnownFileType = sourcecode.swift; path = DateFormatterExtensionsTests.swift; sourceTree = "<group>"; };
		266BB5A124632156009269B2 /* LearnController.swift */ = {isa = PBXFileReference; lastKnownFileType = sourcecode.swift; path = LearnController.swift; sourceTree = "<group>"; };
		266BB5A3246328F3009269B2 /* ActionController.swift */ = {isa = PBXFileReference; lastKnownFileType = sourcecode.swift; path = ActionController.swift; sourceTree = "<group>"; };
		266BB5A524633A37009269B2 /* DailyNutritionView.swift */ = {isa = PBXFileReference; lastKnownFileType = sourcecode.swift; path = DailyNutritionView.swift; sourceTree = "<group>"; };
		266BFA0A2443DB0E006E588D /* Extensions.swift */ = {isa = PBXFileReference; lastKnownFileType = sourcecode.swift; path = Extensions.swift; sourceTree = "<group>"; };
		268FDFED246396D600406420 /* LoginControllerTests.swift */ = {isa = PBXFileReference; lastKnownFileType = sourcecode.swift; path = LoginControllerTests.swift; sourceTree = "<group>"; };
		269E3793242D05EB0070B110 /* GrowingStrong.app */ = {isa = PBXFileReference; explicitFileType = wrapper.application; includeInIndex = 0; path = GrowingStrong.app; sourceTree = BUILT_PRODUCTS_DIR; };
		269E3796242D05EB0070B110 /* AppDelegate.swift */ = {isa = PBXFileReference; lastKnownFileType = sourcecode.swift; path = AppDelegate.swift; sourceTree = "<group>"; };
		269E3798242D05EB0070B110 /* SceneDelegate.swift */ = {isa = PBXFileReference; lastKnownFileType = sourcecode.swift; path = SceneDelegate.swift; sourceTree = "<group>"; };
		269E379A242D05EB0070B110 /* LoginController.swift */ = {isa = PBXFileReference; lastKnownFileType = sourcecode.swift; path = LoginController.swift; sourceTree = "<group>"; };
		269E379F242D05F00070B110 /* Assets.xcassets */ = {isa = PBXFileReference; lastKnownFileType = folder.assetcatalog; path = Assets.xcassets; sourceTree = "<group>"; };
		269E37A2242D05F00070B110 /* Base */ = {isa = PBXFileReference; lastKnownFileType = file.storyboard; name = Base; path = Base.lproj/LaunchScreen.storyboard; sourceTree = "<group>"; };
		269E37A4242D05F00070B110 /* Info.plist */ = {isa = PBXFileReference; lastKnownFileType = text.plist.xml; path = Info.plist; sourceTree = "<group>"; };
		26A8D4C4247530F8000BC5C6 /* ServingSizeExtensionsTests.swift */ = {isa = PBXFileReference; lastKnownFileType = sourcecode.swift; path = ServingSizeExtensionsTests.swift; sourceTree = "<group>"; };
		26B2537D247C6DB9000CE403 /* FoodEntryViewModelTests.swift */ = {isa = PBXFileReference; lastKnownFileType = sourcecode.swift; path = FoodEntryViewModelTests.swift; sourceTree = "<group>"; };
		26C72D932473099000E86FE8 /* ServingSizeOptionsCell.swift */ = {isa = PBXFileReference; lastKnownFileType = sourcecode.swift; path = ServingSizeOptionsCell.swift; sourceTree = "<group>"; };
		26E0B55024639872002D5A07 /* Typealias.swift */ = {isa = PBXFileReference; lastKnownFileType = sourcecode.swift; path = Typealias.swift; sourceTree = "<group>"; };
		26E22BB72475238500F466C3 /* ServingSizeOptionsLauncher.swift */ = {isa = PBXFileReference; lastKnownFileType = sourcecode.swift; path = ServingSizeOptionsLauncher.swift; sourceTree = "<group>"; };
		26F2E6F1244757A0000294D3 /* Enums.swift */ = {isa = PBXFileReference; lastKnownFileType = sourcecode.swift; path = Enums.swift; sourceTree = "<group>"; };
		26F2E6F3244769B9000294D3 /* MeasurementUnitHelper.swift */ = {isa = PBXFileReference; lastKnownFileType = sourcecode.swift; path = MeasurementUnitHelper.swift; sourceTree = "<group>"; };
		26F783222471984900B7F0C8 /* Food.swift */ = {isa = PBXFileReference; lastKnownFileType = sourcecode.swift; path = Food.swift; sourceTree = "<group>"; };
		26F783252471996F00B7F0C8 /* FoodViewModel.swift */ = {isa = PBXFileReference; lastKnownFileType = sourcecode.swift; path = FoodViewModel.swift; sourceTree = "<group>"; };
		26F783292471A09800B7F0C8 /* FoodViewModelTests.swift */ = {isa = PBXFileReference; lastKnownFileType = sourcecode.swift; path = FoodViewModelTests.swift; sourceTree = "<group>"; };
		26F7832E2471A9B600B7F0C8 /* BaseFoodController.swift */ = {isa = PBXFileReference; lastKnownFileType = sourcecode.swift; path = BaseFoodController.swift; sourceTree = "<group>"; };
		26F783322471B51300B7F0C8 /* MacroNutrientsView.swift */ = {isa = PBXFileReference; lastKnownFileType = sourcecode.swift; path = MacroNutrientsView.swift; sourceTree = "<group>"; };
		26F96AF62474692A00199476 /* ServingSize.swift */ = {isa = PBXFileReference; lastKnownFileType = sourcecode.swift; path = ServingSize.swift; sourceTree = "<group>"; };
/* End PBXFileReference section */

/* Begin PBXFrameworksBuildPhase section */
		261C8BCC2448CD11009A1B79 /* Frameworks */ = {
			isa = PBXFrameworksBuildPhase;
			buildActionMask = 2147483647;
			files = (
			);
			runOnlyForDeploymentPostprocessing = 0;
		};
		269E3790242D05EB0070B110 /* Frameworks */ = {
			isa = PBXFrameworksBuildPhase;
			buildActionMask = 2147483647;
			files = (
			);
			runOnlyForDeploymentPostprocessing = 0;
		};
/* End PBXFrameworksBuildPhase section */

/* Begin PBXGroup section */
		2605A8A7244293A3001CF085 /* Supporting Files */ = {
			isa = PBXGroup;
			children = (
				269E379F242D05F00070B110 /* Assets.xcassets */,
				269E37A1242D05F00070B110 /* LaunchScreen.storyboard */,
			);
			path = "Supporting Files";
			sourceTree = "<group>";
		};
		2605A8A924429474001CF085 /* Controller */ = {
			isa = PBXGroup;
			children = (
				2640FF8D2443F2830051A2BF /* ViewControllers */,
				2640FF8A2443EBE40051A2BF /* DataControllers */,
			);
			path = Controller;
			sourceTree = "<group>";
		};
		2605A8AA24429B4A001CF085 /* View */ = {
			isa = PBXGroup;
			children = (
				263B96732473044E00340ED3 /* BaseFoodViews */,
				266BB5A724633A42009269B2 /* DiaryViews */,
				26475C932442CACF004A5C71 /* RegistrationViews */,
				2605A8AB24429B56001CF085 /* LoginViews */,
			);
			path = View;
			sourceTree = "<group>";
		};
		2605A8AB24429B56001CF085 /* LoginViews */ = {
			isa = PBXGroup;
			children = (
				2605A8AE2442B626001CF085 /* LoginView.swift */,
			);
			path = LoginViews;
			sourceTree = "<group>";
		};
		261C8BD02448CD11009A1B79 /* GrowingStrongTests */ = {
			isa = PBXGroup;
			children = (
				26F783282471A07E00B7F0C8 /* ViewModels */,
				268FDFEC2463969F00406420 /* Controllers */,
				2658890C2463671400199012 /* Extensions */,
				261C8BD92448D2B8009A1B79 /* Helpers */,
				261C8BD32448CD11009A1B79 /* Info.plist */,
			);
			path = GrowingStrongTests;
			sourceTree = "<group>";
		};
		261C8BD92448D2B8009A1B79 /* Helpers */ = {
			isa = PBXGroup;
			children = (
				261C8BD12448CD11009A1B79 /* MeasurementUnitHelperTests.swift */,
			);
			path = Helpers;
			sourceTree = "<group>";
		};
		263B96732473044E00340ED3 /* BaseFoodViews */ = {
			isa = PBXGroup;
			children = (
				26F783322471B51300B7F0C8 /* MacroNutrientsView.swift */,
				263B96742473048700340ED3 /* ServingSizeSelectorCell.swift */,
				263B9677247304E400340ED3 /* ServingAmountCell.swift */,
				26C72D932473099000E86FE8 /* ServingSizeOptionsCell.swift */,
			);
			path = BaseFoodViews;
			sourceTree = "<group>";
		};
		263B967A247305D100340ED3 /* AuthenticationControllers */ = {
			isa = PBXGroup;
			children = (
				269E379A242D05EB0070B110 /* LoginController.swift */,
				2605A8B22442BC1D001CF085 /* RegisterController.swift */,
			);
			path = AuthenticationControllers;
			sourceTree = "<group>";
		};
		263B967B2473062200340ED3 /* TabControllers */ = {
			isa = PBXGroup;
			children = (
				262F665C2462417800B24F51 /* DiaryController.swift */,
				262F665924623FBA00B24F51 /* MainTabBarController.swift */,
				262F665E246241A500B24F51 /* TrendsController.swift */,
				262F6660246241C500B24F51 /* SettingsController.swift */,
				266BB5A124632156009269B2 /* LearnController.swift */,
				266BB5A3246328F3009269B2 /* ActionController.swift */,
			);
			path = TabControllers;
			sourceTree = "<group>";
		};
		263B967D2473066900340ED3 /* FoodControllers */ = {
			isa = PBXGroup;
			children = (
				26E22BB72475238500F466C3 /* ServingSizeOptionsLauncher.swift */,
				26F7832E2471A9B600B7F0C8 /* BaseFoodController.swift */,
				263B966D2473014000340ED3 /* EditFoodController.swift */,
			);
			path = FoodControllers;
			sourceTree = "<group>";
		};
		2640FF8A2443EBE40051A2BF /* DataControllers */ = {
			isa = PBXGroup;
			children = (
				2640FF8B2443EC870051A2BF /* RegisterDataController.swift */,
				2624E8D824647E4E00AC40EA /* DiaryDataController.swift */,
				263B9670247303A400340ED3 /* BaseFoodDataController.swift */,
			);
			path = DataControllers;
			sourceTree = "<group>";
		};
		2640FF8D2443F2830051A2BF /* ViewControllers */ = {
			isa = PBXGroup;
			children = (
				263B967D2473066900340ED3 /* FoodControllers */,
				263B967B2473062200340ED3 /* TabControllers */,
				263B967A247305D100340ED3 /* AuthenticationControllers */,
			);
			path = ViewControllers;
			sourceTree = "<group>";
		};
		26475C932442CACF004A5C71 /* RegistrationViews */ = {
			isa = PBXGroup;
			children = (
				26475C942442CB2E004A5C71 /* RegisterStatsCell.swift */,
				261C8BC92448A9F3009A1B79 /* CreateAccountCell.swift */,
			);
			path = RegistrationViews;
			sourceTree = "<group>";
		};
		26475C972442CFF2004A5C71 /* Helpers */ = {
			isa = PBXGroup;
			children = (
				26F2E6F1244757A0000294D3 /* Enums.swift */,
				26475C982442D00B004A5C71 /* Constants.swift */,
				266BFA0A2443DB0E006E588D /* Extensions.swift */,
				26F2E6F3244769B9000294D3 /* MeasurementUnitHelper.swift */,
				26E0B55024639872002D5A07 /* Typealias.swift */,
			);
			path = Helpers;
			sourceTree = "<group>";
		};
		2658890C2463671400199012 /* Extensions */ = {
			isa = PBXGroup;
			children = (
				2658890F2463678B00199012 /* DateFormatterExtensionsTests.swift */,
				26A8D4C4247530F8000BC5C6 /* ServingSizeExtensionsTests.swift */,
			);
			path = Extensions;
			sourceTree = "<group>";
		};
		265E2A37247197F400DBD91E /* ViewModel */ = {
			isa = PBXGroup;
			children = (
				26F783252471996F00B7F0C8 /* FoodViewModel.swift */,
				26119AF2247C5860009FDD79 /* FoodEntryViewModel.swift */,
			);
			path = ViewModel;
			sourceTree = "<group>";
		};
		265E2A382471980D00DBD91E /* Model */ = {
			isa = PBXGroup;
			children = (
				26F783222471984900B7F0C8 /* Food.swift */,
				26F96AF62474692A00199476 /* ServingSize.swift */,
				26119AEF247C5718009FDD79 /* FoodEntry.swift */,
				26119AF5247C61A3009FDD79 /* Serving.swift */,
			);
			path = Model;
			sourceTree = "<group>";
		};
		266BB5A724633A42009269B2 /* DiaryViews */ = {
			isa = PBXGroup;
			children = (
				266BB5A524633A37009269B2 /* DailyNutritionView.swift */,
				2658890A246340F200199012 /* DateBar.swift */,
				2624E8DB24647FAD00AC40EA /* FoodCell.swift */,
			);
			path = DiaryViews;
			sourceTree = "<group>";
		};
		268FDFEC2463969F00406420 /* Controllers */ = {
			isa = PBXGroup;
			children = (
				268FDFED246396D600406420 /* LoginControllerTests.swift */,
				2624E8D62464640E00AC40EA /* DiaryControllerTests.swift */,
			);
			path = Controllers;
			sourceTree = "<group>";
		};
		269E378A242D05EA0070B110 = {
			isa = PBXGroup;
			children = (
				269E3795242D05EB0070B110 /* GrowingStrong */,
				261C8BD02448CD11009A1B79 /* GrowingStrongTests */,
				269E3794242D05EB0070B110 /* Products */,
			);
			sourceTree = "<group>";
		};
		269E3794242D05EB0070B110 /* Products */ = {
			isa = PBXGroup;
			children = (
				269E3793242D05EB0070B110 /* GrowingStrong.app */,
				261C8BCF2448CD11009A1B79 /* GrowingStrongTests.xctest */,
			);
			name = Products;
			sourceTree = "<group>";
		};
		269E3795242D05EB0070B110 /* GrowingStrong */ = {
			isa = PBXGroup;
			children = (
				265E2A382471980D00DBD91E /* Model */,
				265E2A37247197F400DBD91E /* ViewModel */,
				26475C972442CFF2004A5C71 /* Helpers */,
				2605A8AA24429B4A001CF085 /* View */,
				2605A8A924429474001CF085 /* Controller */,
				2605A8A7244293A3001CF085 /* Supporting Files */,
				269E3796242D05EB0070B110 /* AppDelegate.swift */,
				269E3798242D05EB0070B110 /* SceneDelegate.swift */,
				269E37A4242D05F00070B110 /* Info.plist */,
			);
			path = GrowingStrong;
			sourceTree = "<group>";
		};
		26F783282471A07E00B7F0C8 /* ViewModels */ = {
			isa = PBXGroup;
			children = (
				26F783292471A09800B7F0C8 /* FoodViewModelTests.swift */,
				26B2537D247C6DB9000CE403 /* FoodEntryViewModelTests.swift */,
			);
			path = ViewModels;
			sourceTree = "<group>";
		};
/* End PBXGroup section */

/* Begin PBXNativeTarget section */
		261C8BCE2448CD11009A1B79 /* GrowingStrongTests */ = {
			isa = PBXNativeTarget;
			buildConfigurationList = 261C8BD62448CD11009A1B79 /* Build configuration list for PBXNativeTarget "GrowingStrongTests" */;
			buildPhases = (
				261C8BCB2448CD11009A1B79 /* Sources */,
				261C8BCC2448CD11009A1B79 /* Frameworks */,
				261C8BCD2448CD11009A1B79 /* Resources */,
			);
			buildRules = (
			);
			dependencies = (
				261C8BD52448CD11009A1B79 /* PBXTargetDependency */,
			);
			name = GrowingStrongTests;
			productName = GrowingStrongTests;
			productReference = 261C8BCF2448CD11009A1B79 /* GrowingStrongTests.xctest */;
			productType = "com.apple.product-type.bundle.unit-test";
		};
		269E3792242D05EB0070B110 /* GrowingStrong */ = {
			isa = PBXNativeTarget;
			buildConfigurationList = 269E37A7242D05F00070B110 /* Build configuration list for PBXNativeTarget "GrowingStrong" */;
			buildPhases = (
				269E378F242D05EB0070B110 /* Sources */,
				269E3790242D05EB0070B110 /* Frameworks */,
				269E3791242D05EB0070B110 /* Resources */,
			);
			buildRules = (
			);
			dependencies = (
			);
			name = GrowingStrong;
			productName = GrowingStrong;
			productReference = 269E3793242D05EB0070B110 /* GrowingStrong.app */;
			productType = "com.apple.product-type.application";
		};
/* End PBXNativeTarget section */

/* Begin PBXProject section */
		269E378B242D05EA0070B110 /* Project object */ = {
			isa = PBXProject;
			attributes = {
				LastSwiftUpdateCheck = 1140;
				LastUpgradeCheck = 1130;
				ORGANIZATIONNAME = "Eugene Lu";
				TargetAttributes = {
					261C8BCE2448CD11009A1B79 = {
						CreatedOnToolsVersion = 11.4.1;
						TestTargetID = 269E3792242D05EB0070B110;
					};
					269E3792242D05EB0070B110 = {
						CreatedOnToolsVersion = 11.3.1;
					};
				};
			};
			buildConfigurationList = 269E378E242D05EA0070B110 /* Build configuration list for PBXProject "GrowingStrong" */;
			compatibilityVersion = "Xcode 9.3";
			developmentRegion = en;
			hasScannedForEncodings = 0;
			knownRegions = (
				en,
				Base,
			);
			mainGroup = 269E378A242D05EA0070B110;
			productRefGroup = 269E3794242D05EB0070B110 /* Products */;
			projectDirPath = "";
			projectRoot = "";
			targets = (
				269E3792242D05EB0070B110 /* GrowingStrong */,
				261C8BCE2448CD11009A1B79 /* GrowingStrongTests */,
			);
		};
/* End PBXProject section */

/* Begin PBXResourcesBuildPhase section */
		261C8BCD2448CD11009A1B79 /* Resources */ = {
			isa = PBXResourcesBuildPhase;
			buildActionMask = 2147483647;
			files = (
			);
			runOnlyForDeploymentPostprocessing = 0;
		};
		269E3791242D05EB0070B110 /* Resources */ = {
			isa = PBXResourcesBuildPhase;
			buildActionMask = 2147483647;
			files = (
				269E37A3242D05F00070B110 /* LaunchScreen.storyboard in Resources */,
				269E37A0242D05F00070B110 /* Assets.xcassets in Resources */,
			);
			runOnlyForDeploymentPostprocessing = 0;
		};
/* End PBXResourcesBuildPhase section */

/* Begin PBXSourcesBuildPhase section */
		261C8BCB2448CD11009A1B79 /* Sources */ = {
			isa = PBXSourcesBuildPhase;
			buildActionMask = 2147483647;
			files = (
				26E0B55B24639E28002D5A07 /* RegisterStatsCell.swift in Sources */,
				26E22BB9247524B500F466C3 /* ServingSizeOptionsLauncher.swift in Sources */,
				26F783302471A9B600B7F0C8 /* BaseFoodController.swift in Sources */,
				263B9679247304E400340ED3 /* ServingAmountCell.swift in Sources */,
				261C8BD22448CD11009A1B79 /* MeasurementUnitHelperTests.swift in Sources */,
				268FDFF02463977900406420 /* LoginController.swift in Sources */,
				26E0B55C24639E2B002D5A07 /* CreateAccountCell.swift in Sources */,
				268FDFEE246396D600406420 /* LoginControllerTests.swift in Sources */,
				2649640B2474752400773638 /* ServingSizeOptionsCell.swift in Sources */,
				26E31A4324636D7D00C6EE1D /* Extensions.swift in Sources */,
				26E0B55724639E15002D5A07 /* MeasurementUnitHelper.swift in Sources */,
				26E0B55624639DDC002D5A07 /* RegisterDataController.swift in Sources */,
				2624E8D72464640E00AC40EA /* DiaryControllerTests.swift in Sources */,
				26119AF7247C61A3009FDD79 /* Serving.swift in Sources */,
				263B966F2473014000340ED3 /* EditFoodController.swift in Sources */,
				26A8D4C5247530F8000BC5C6 /* ServingSizeExtensionsTests.swift in Sources */,
				26F783242471984900B7F0C8 /* Food.swift in Sources */,
				268FDFEF246396F800406420 /* LoginView.swift in Sources */,
				265889102463678B00199012 /* DateFormatterExtensionsTests.swift in Sources */,
				26E0B55224639885002D5A07 /* Typealias.swift in Sources */,
				26F783342471B51300B7F0C8 /* MacroNutrientsView.swift in Sources */,
				26E0B56224639E3D002D5A07 /* ActionController.swift in Sources */,
				26F783272471996F00B7F0C8 /* FoodViewModel.swift in Sources */,
				26E0B55324639B8D002D5A07 /* Constants.swift in Sources */,
				26E0B56124639E3A002D5A07 /* LearnController.swift in Sources */,
				26E0B55A24639E25002D5A07 /* DailyNutritionView.swift in Sources */,
				26119AF4247C5860009FDD79 /* FoodEntryViewModel.swift in Sources */,
				26119AF1247C5718009FDD79 /* FoodEntry.swift in Sources */,
				26F7832A2471A09800B7F0C8 /* FoodViewModelTests.swift in Sources */,
				26E0B55E24639E34002D5A07 /* DiaryController.swift in Sources */,
				26F96AFA2474749000199476 /* ServingSize.swift in Sources */,
				2624E8DD24647FAD00AC40EA /* FoodCell.swift in Sources */,
				263B9672247303A400340ED3 /* BaseFoodDataController.swift in Sources */,
				26B2537E247C6DB9000CE403 /* FoodEntryViewModelTests.swift in Sources */,
				26E0B55824639E1C002D5A07 /* Enums.swift in Sources */,
				26E0B55524639DC4002D5A07 /* RegisterController.swift in Sources */,
				2624E8DA24647E4E00AC40EA /* DiaryDataController.swift in Sources */,
				263B96762473048700340ED3 /* ServingSizeSelectorCell.swift in Sources */,
				26E0B56024639E38002D5A07 /* SettingsController.swift in Sources */,
				26E0B55924639E23002D5A07 /* DateBar.swift in Sources */,
				26E0B55F24639E36002D5A07 /* TrendsController.swift in Sources */,
				26E0B55D24639E31002D5A07 /* MainTabBarController.swift in Sources */,
			);
			runOnlyForDeploymentPostprocessing = 0;
		};
		269E378F242D05EB0070B110 /* Sources */ = {
			isa = PBXSourcesBuildPhase;
			buildActionMask = 2147483647;
			files = (
				262F6661246241C500B24F51 /* SettingsController.swift in Sources */,
				26119AF0247C5718009FDD79 /* FoodEntry.swift in Sources */,
				262F665F246241A500B24F51 /* TrendsController.swift in Sources */,
				2640FF8C2443EC870051A2BF /* RegisterDataController.swift in Sources */,
				263B9671247303A400340ED3 /* BaseFoodDataController.swift in Sources */,
				26E22BB82475238500F466C3 /* ServingSizeOptionsLauncher.swift in Sources */,
				26C72D942473099000E86FE8 /* ServingSizeOptionsCell.swift in Sources */,
				261C8BCA2448A9F3009A1B79 /* CreateAccountCell.swift in Sources */,
				262F665A24623FBA00B24F51 /* MainTabBarController.swift in Sources */,
				263B9678247304E400340ED3 /* ServingAmountCell.swift in Sources */,
				26F783262471996F00B7F0C8 /* FoodViewModel.swift in Sources */,
				26F783232471984900B7F0C8 /* Food.swift in Sources */,
				26475C952442CB2E004A5C71 /* RegisterStatsCell.swift in Sources */,
				266BB5A4246328F3009269B2 /* ActionController.swift in Sources */,
				2624E8DC24647FAD00AC40EA /* FoodCell.swift in Sources */,
				269E379B242D05EB0070B110 /* LoginController.swift in Sources */,
				26F783332471B51300B7F0C8 /* MacroNutrientsView.swift in Sources */,
				26119AF6247C61A3009FDD79 /* Serving.swift in Sources */,
				263B96752473048700340ED3 /* ServingSizeSelectorCell.swift in Sources */,
				2658890B246340F300199012 /* DateBar.swift in Sources */,
				2624E8D924647E4E00AC40EA /* DiaryDataController.swift in Sources */,
				266BB5A224632156009269B2 /* LearnController.swift in Sources */,
				26119AF3247C5860009FDD79 /* FoodEntryViewModel.swift in Sources */,
				26F96AF72474692A00199476 /* ServingSize.swift in Sources */,
				2605A8B32442BC1D001CF085 /* RegisterController.swift in Sources */,
				26F7832F2471A9B600B7F0C8 /* BaseFoodController.swift in Sources */,
				269E3797242D05EB0070B110 /* AppDelegate.swift in Sources */,
				266BFA0B2443DB0E006E588D /* Extensions.swift in Sources */,
				26E0B55124639872002D5A07 /* Typealias.swift in Sources */,
				26F2E6F4244769B9000294D3 /* MeasurementUnitHelper.swift in Sources */,
				263B966E2473014000340ED3 /* EditFoodController.swift in Sources */,
				2605A8AF2442B626001CF085 /* LoginView.swift in Sources */,
				26475C992442D00B004A5C71 /* Constants.swift in Sources */,
				266BB5A624633A37009269B2 /* DailyNutritionView.swift in Sources */,
				262F665D2462417800B24F51 /* DiaryController.swift in Sources */,
				26F2E6F2244757A0000294D3 /* Enums.swift in Sources */,
				269E3799242D05EB0070B110 /* SceneDelegate.swift in Sources */,
			);
			runOnlyForDeploymentPostprocessing = 0;
		};
/* End PBXSourcesBuildPhase section */

/* Begin PBXTargetDependency section */
		261C8BD52448CD11009A1B79 /* PBXTargetDependency */ = {
			isa = PBXTargetDependency;
			target = 269E3792242D05EB0070B110 /* GrowingStrong */;
			targetProxy = 261C8BD42448CD11009A1B79 /* PBXContainerItemProxy */;
		};
/* End PBXTargetDependency section */

/* Begin PBXVariantGroup section */
		269E37A1242D05F00070B110 /* LaunchScreen.storyboard */ = {
			isa = PBXVariantGroup;
			children = (
				269E37A2242D05F00070B110 /* Base */,
			);
			name = LaunchScreen.storyboard;
			sourceTree = "<group>";
		};
/* End PBXVariantGroup section */

/* Begin XCBuildConfiguration section */
		261C8BD72448CD11009A1B79 /* Debug */ = {
			isa = XCBuildConfiguration;
			buildSettings = {
				BUNDLE_LOADER = "$(TEST_HOST)";
				CODE_SIGN_STYLE = Automatic;
				DEVELOPMENT_TEAM = 93UMNM76FC;
				INFOPLIST_FILE = GrowingStrongTests/Info.plist;
				IPHONEOS_DEPLOYMENT_TARGET = 13.4;
				LD_RUNPATH_SEARCH_PATHS = (
					"$(inherited)",
					"@executable_path/Frameworks",
					"@loader_path/Frameworks",
				);
				PRODUCT_BUNDLE_IDENTIFIER = com.eugenelu.GrowingStrongTests;
				PRODUCT_NAME = "$(TARGET_NAME)";
				SWIFT_VERSION = 5.0;
				TARGETED_DEVICE_FAMILY = "1,2";
				TEST_HOST = "$(BUILT_PRODUCTS_DIR)/GrowingStrong.app/GrowingStrong";
			};
			name = Debug;
		};
		261C8BD82448CD11009A1B79 /* Release */ = {
			isa = XCBuildConfiguration;
			buildSettings = {
				BUNDLE_LOADER = "$(TEST_HOST)";
				CODE_SIGN_STYLE = Automatic;
				DEVELOPMENT_TEAM = 93UMNM76FC;
				INFOPLIST_FILE = GrowingStrongTests/Info.plist;
				IPHONEOS_DEPLOYMENT_TARGET = 13.4;
				LD_RUNPATH_SEARCH_PATHS = (
					"$(inherited)",
					"@executable_path/Frameworks",
					"@loader_path/Frameworks",
				);
				PRODUCT_BUNDLE_IDENTIFIER = com.eugenelu.GrowingStrongTests;
				PRODUCT_NAME = "$(TARGET_NAME)";
				SWIFT_VERSION = 5.0;
				TARGETED_DEVICE_FAMILY = "1,2";
				TEST_HOST = "$(BUILT_PRODUCTS_DIR)/GrowingStrong.app/GrowingStrong";
			};
			name = Release;
		};
		269E37A5242D05F00070B110 /* Debug */ = {
			isa = XCBuildConfiguration;
			buildSettings = {
				ALWAYS_SEARCH_USER_PATHS = NO;
				CLANG_ANALYZER_NONNULL = YES;
				CLANG_ANALYZER_NUMBER_OBJECT_CONVERSION = YES_AGGRESSIVE;
				CLANG_CXX_LANGUAGE_STANDARD = "gnu++14";
				CLANG_CXX_LIBRARY = "libc++";
				CLANG_ENABLE_MODULES = YES;
				CLANG_ENABLE_OBJC_ARC = YES;
				CLANG_ENABLE_OBJC_WEAK = YES;
				CLANG_WARN_BLOCK_CAPTURE_AUTORELEASING = YES;
				CLANG_WARN_BOOL_CONVERSION = YES;
				CLANG_WARN_COMMA = YES;
				CLANG_WARN_CONSTANT_CONVERSION = YES;
				CLANG_WARN_DEPRECATED_OBJC_IMPLEMENTATIONS = YES;
				CLANG_WARN_DIRECT_OBJC_ISA_USAGE = YES_ERROR;
				CLANG_WARN_DOCUMENTATION_COMMENTS = YES;
				CLANG_WARN_EMPTY_BODY = YES;
				CLANG_WARN_ENUM_CONVERSION = YES;
				CLANG_WARN_INFINITE_RECURSION = YES;
				CLANG_WARN_INT_CONVERSION = YES;
				CLANG_WARN_NON_LITERAL_NULL_CONVERSION = YES;
				CLANG_WARN_OBJC_IMPLICIT_RETAIN_SELF = YES;
				CLANG_WARN_OBJC_LITERAL_CONVERSION = YES;
				CLANG_WARN_OBJC_ROOT_CLASS = YES_ERROR;
				CLANG_WARN_RANGE_LOOP_ANALYSIS = YES;
				CLANG_WARN_STRICT_PROTOTYPES = YES;
				CLANG_WARN_SUSPICIOUS_MOVE = YES;
				CLANG_WARN_UNGUARDED_AVAILABILITY = YES_AGGRESSIVE;
				CLANG_WARN_UNREACHABLE_CODE = YES;
				CLANG_WARN__DUPLICATE_METHOD_MATCH = YES;
				COPY_PHASE_STRIP = NO;
				DEBUG_INFORMATION_FORMAT = dwarf;
				ENABLE_STRICT_OBJC_MSGSEND = YES;
				ENABLE_TESTABILITY = YES;
				GCC_C_LANGUAGE_STANDARD = gnu11;
				GCC_DYNAMIC_NO_PIC = NO;
				GCC_NO_COMMON_BLOCKS = YES;
				GCC_OPTIMIZATION_LEVEL = 0;
				GCC_PREPROCESSOR_DEFINITIONS = (
					"DEBUG=1",
					"$(inherited)",
				);
				GCC_WARN_64_TO_32_BIT_CONVERSION = YES;
				GCC_WARN_ABOUT_RETURN_TYPE = YES_ERROR;
				GCC_WARN_UNDECLARED_SELECTOR = YES;
				GCC_WARN_UNINITIALIZED_AUTOS = YES_AGGRESSIVE;
				GCC_WARN_UNUSED_FUNCTION = YES;
				GCC_WARN_UNUSED_VARIABLE = YES;
				IPHONEOS_DEPLOYMENT_TARGET = 13.2;
				MTL_ENABLE_DEBUG_INFO = INCLUDE_SOURCE;
				MTL_FAST_MATH = YES;
				ONLY_ACTIVE_ARCH = YES;
				SDKROOT = iphoneos;
				SWIFT_ACTIVE_COMPILATION_CONDITIONS = DEBUG;
				SWIFT_OPTIMIZATION_LEVEL = "-Onone";
			};
			name = Debug;
		};
		269E37A6242D05F00070B110 /* Release */ = {
			isa = XCBuildConfiguration;
			buildSettings = {
				ALWAYS_SEARCH_USER_PATHS = NO;
				CLANG_ANALYZER_NONNULL = YES;
				CLANG_ANALYZER_NUMBER_OBJECT_CONVERSION = YES_AGGRESSIVE;
				CLANG_CXX_LANGUAGE_STANDARD = "gnu++14";
				CLANG_CXX_LIBRARY = "libc++";
				CLANG_ENABLE_MODULES = YES;
				CLANG_ENABLE_OBJC_ARC = YES;
				CLANG_ENABLE_OBJC_WEAK = YES;
				CLANG_WARN_BLOCK_CAPTURE_AUTORELEASING = YES;
				CLANG_WARN_BOOL_CONVERSION = YES;
				CLANG_WARN_COMMA = YES;
				CLANG_WARN_CONSTANT_CONVERSION = YES;
				CLANG_WARN_DEPRECATED_OBJC_IMPLEMENTATIONS = YES;
				CLANG_WARN_DIRECT_OBJC_ISA_USAGE = YES_ERROR;
				CLANG_WARN_DOCUMENTATION_COMMENTS = YES;
				CLANG_WARN_EMPTY_BODY = YES;
				CLANG_WARN_ENUM_CONVERSION = YES;
				CLANG_WARN_INFINITE_RECURSION = YES;
				CLANG_WARN_INT_CONVERSION = YES;
				CLANG_WARN_NON_LITERAL_NULL_CONVERSION = YES;
				CLANG_WARN_OBJC_IMPLICIT_RETAIN_SELF = YES;
				CLANG_WARN_OBJC_LITERAL_CONVERSION = YES;
				CLANG_WARN_OBJC_ROOT_CLASS = YES_ERROR;
				CLANG_WARN_RANGE_LOOP_ANALYSIS = YES;
				CLANG_WARN_STRICT_PROTOTYPES = YES;
				CLANG_WARN_SUSPICIOUS_MOVE = YES;
				CLANG_WARN_UNGUARDED_AVAILABILITY = YES_AGGRESSIVE;
				CLANG_WARN_UNREACHABLE_CODE = YES;
				CLANG_WARN__DUPLICATE_METHOD_MATCH = YES;
				COPY_PHASE_STRIP = NO;
				DEBUG_INFORMATION_FORMAT = "dwarf-with-dsym";
				ENABLE_NS_ASSERTIONS = NO;
				ENABLE_STRICT_OBJC_MSGSEND = YES;
				GCC_C_LANGUAGE_STANDARD = gnu11;
				GCC_NO_COMMON_BLOCKS = YES;
				GCC_WARN_64_TO_32_BIT_CONVERSION = YES;
				GCC_WARN_ABOUT_RETURN_TYPE = YES_ERROR;
				GCC_WARN_UNDECLARED_SELECTOR = YES;
				GCC_WARN_UNINITIALIZED_AUTOS = YES_AGGRESSIVE;
				GCC_WARN_UNUSED_FUNCTION = YES;
				GCC_WARN_UNUSED_VARIABLE = YES;
				IPHONEOS_DEPLOYMENT_TARGET = 13.2;
				MTL_ENABLE_DEBUG_INFO = NO;
				MTL_FAST_MATH = YES;
				SDKROOT = iphoneos;
				SWIFT_COMPILATION_MODE = wholemodule;
				SWIFT_OPTIMIZATION_LEVEL = "-O";
				VALIDATE_PRODUCT = YES;
			};
			name = Release;
		};
		269E37A8242D05F00070B110 /* Debug */ = {
			isa = XCBuildConfiguration;
			buildSettings = {
				ASSETCATALOG_COMPILER_APPICON_NAME = AppIcon;
				CODE_SIGN_STYLE = Automatic;
				DEVELOPMENT_TEAM = 93UMNM76FC;
				INFOPLIST_FILE = GrowingStrong/Info.plist;
				LD_RUNPATH_SEARCH_PATHS = (
					"$(inherited)",
					"@executable_path/Frameworks",
				);
				PRODUCT_BUNDLE_IDENTIFIER = com.eugenelu.GrowingStrong;
				PRODUCT_NAME = "$(TARGET_NAME)";
				SWIFT_VERSION = 5.0;
				TARGETED_DEVICE_FAMILY = 1;
			};
			name = Debug;
		};
		269E37A9242D05F00070B110 /* Release */ = {
			isa = XCBuildConfiguration;
			buildSettings = {
				ASSETCATALOG_COMPILER_APPICON_NAME = AppIcon;
				CODE_SIGN_STYLE = Automatic;
				DEVELOPMENT_TEAM = 93UMNM76FC;
				INFOPLIST_FILE = GrowingStrong/Info.plist;
				LD_RUNPATH_SEARCH_PATHS = (
					"$(inherited)",
					"@executable_path/Frameworks",
				);
				PRODUCT_BUNDLE_IDENTIFIER = com.eugenelu.GrowingStrong;
				PRODUCT_NAME = "$(TARGET_NAME)";
				SWIFT_VERSION = 5.0;
				TARGETED_DEVICE_FAMILY = 1;
			};
			name = Release;
		};
/* End XCBuildConfiguration section */

/* Begin XCConfigurationList section */
		261C8BD62448CD11009A1B79 /* Build configuration list for PBXNativeTarget "GrowingStrongTests" */ = {
			isa = XCConfigurationList;
			buildConfigurations = (
				261C8BD72448CD11009A1B79 /* Debug */,
				261C8BD82448CD11009A1B79 /* Release */,
			);
			defaultConfigurationIsVisible = 0;
			defaultConfigurationName = Release;
		};
		269E378E242D05EA0070B110 /* Build configuration list for PBXProject "GrowingStrong" */ = {
			isa = XCConfigurationList;
			buildConfigurations = (
				269E37A5242D05F00070B110 /* Debug */,
				269E37A6242D05F00070B110 /* Release */,
			);
			defaultConfigurationIsVisible = 0;
			defaultConfigurationName = Release;
		};
		269E37A7242D05F00070B110 /* Build configuration list for PBXNativeTarget "GrowingStrong" */ = {
			isa = XCConfigurationList;
			buildConfigurations = (
				269E37A8242D05F00070B110 /* Debug */,
				269E37A9242D05F00070B110 /* Release */,
			);
			defaultConfigurationIsVisible = 0;
			defaultConfigurationName = Release;
		};
/* End XCConfigurationList section */
	};
	rootObject = 269E378B242D05EA0070B110 /* Project object */;
}
